// !$*UTF8*$!
{
	archiveVersion = 1;
	classes = {
	};
	objectVersion = 56;
	objects = {

/* Begin PBXBuildFile section */
		3494C5462BFDCB8600E70B0F /* VideoPlayerView.swift in Sources */ = {isa = PBXBuildFile; fileRef = 3494C5452BFDCB8600E70B0F /* VideoPlayerView.swift */; };
		3494C5482BFDCF2F00E70B0F /* ImagePicker.swift in Sources */ = {isa = PBXBuildFile; fileRef = 3494C5472BFDCF2F00E70B0F /* ImagePicker.swift */; };
		3494C54A2BFDCF3900E70B0F /* VideoPicker.swift in Sources */ = {isa = PBXBuildFile; fileRef = 3494C5492BFDCF3900E70B0F /* VideoPicker.swift */; };
		3494C54C2BFDCF9000E70B0F /* MLDetection.swift in Sources */ = {isa = PBXBuildFile; fileRef = 3494C54B2BFDCF9000E70B0F /* MLDetection.swift */; };
		3494C54E2BFDD1B300E70B0F /* MLcopycontrol25k.mlmodel in Sources */ = {isa = PBXBuildFile; fileRef = 3494C54D2BFDD1B300E70B0F /* MLcopycontrol25k.mlmodel */; };
		34A99DB62BFC2A88004685AC /* FilmForensicsApp.swift in Sources */ = {isa = PBXBuildFile; fileRef = 34A99DB52BFC2A88004685AC /* FilmForensicsApp.swift */; };
		34A99DB82BFC2A88004685AC /* ContentView.swift in Sources */ = {isa = PBXBuildFile; fileRef = 34A99DB72BFC2A88004685AC /* ContentView.swift */; };
		34A99DBA2BFC2A89004685AC /* Assets.xcassets in Resources */ = {isa = PBXBuildFile; fileRef = 34A99DB92BFC2A89004685AC /* Assets.xcassets */; };
		34A99DBD2BFC2A89004685AC /* Preview Assets.xcassets in Resources */ = {isa = PBXBuildFile; fileRef = 34A99DBC2BFC2A89004685AC /* Preview Assets.xcassets */; };
		34A99DC42BFC2ABF004685AC /* VIdeoPlayerViewModel.swift in Sources */ = {isa = PBXBuildFile; fileRef = 34A99DC32BFC2ABF004685AC /* VIdeoPlayerViewModel.swift */; };
/* End PBXBuildFile section */

/* Begin PBXFileReference section */
		3494C5452BFDCB8600E70B0F /* VideoPlayerView.swift */ = {isa = PBXFileReference; lastKnownFileType = sourcecode.swift; path = VideoPlayerView.swift; sourceTree = "<group>"; };
		3494C5472BFDCF2F00E70B0F /* ImagePicker.swift */ = {isa = PBXFileReference; lastKnownFileType = sourcecode.swift; path = ImagePicker.swift; sourceTree = "<group>"; };
		3494C5492BFDCF3900E70B0F /* VideoPicker.swift */ = {isa = PBXFileReference; lastKnownFileType = sourcecode.swift; path = VideoPicker.swift; sourceTree = "<group>"; };
		3494C54B2BFDCF9000E70B0F /* MLDetection.swift */ = {isa = PBXFileReference; lastKnownFileType = sourcecode.swift; path = MLDetection.swift; sourceTree = "<group>"; };
		3494C54D2BFDD1B300E70B0F /* MLcopycontrol25k.mlmodel */ = {isa = PBXFileReference; lastKnownFileType = file.mlmodel; path = MLcopycontrol25k.mlmodel; sourceTree = "<group>"; };
		34A99DB22BFC2A88004685AC /* FilmForensics.app */ = {isa = PBXFileReference; explicitFileType = wrapper.application; includeInIndex = 0; path = FilmForensics.app; sourceTree = BUILT_PRODUCTS_DIR; };
		34A99DB52BFC2A88004685AC /* FilmForensicsApp.swift */ = {isa = PBXFileReference; lastKnownFileType = sourcecode.swift; path = FilmForensicsApp.swift; sourceTree = "<group>"; };
		34A99DB72BFC2A88004685AC /* ContentView.swift */ = {isa = PBXFileReference; lastKnownFileType = sourcecode.swift; path = ContentView.swift; sourceTree = "<group>"; };
		34A99DB92BFC2A89004685AC /* Assets.xcassets */ = {isa = PBXFileReference; lastKnownFileType = folder.assetcatalog; path = Assets.xcassets; sourceTree = "<group>"; };
		34A99DBC2BFC2A89004685AC /* Preview Assets.xcassets */ = {isa = PBXFileReference; lastKnownFileType = folder.assetcatalog; path = "Preview Assets.xcassets"; sourceTree = "<group>"; };
		34A99DC32BFC2ABF004685AC /* VIdeoPlayerViewModel.swift */ = {isa = PBXFileReference; lastKnownFileType = sourcecode.swift; path = VIdeoPlayerViewModel.swift; sourceTree = "<group>"; };
		34A99DC52BFC2DBC004685AC /* FilmForensics.entitlements */ = {isa = PBXFileReference; lastKnownFileType = text.plist.entitlements; path = FilmForensics.entitlements; sourceTree = "<group>"; };
/* End PBXFileReference section */

/* Begin PBXFrameworksBuildPhase section */
		34A99DAF2BFC2A88004685AC /* Frameworks */ = {
			isa = PBXFrameworksBuildPhase;
			buildActionMask = 2147483647;
			files = (
			);
			runOnlyForDeploymentPostprocessing = 0;
		};
/* End PBXFrameworksBuildPhase section */

/* Begin PBXGroup section */
		34A99DA92BFC2A88004685AC = {
			isa = PBXGroup;
			children = (
				34A99DB42BFC2A88004685AC /* FilmForensics */,
				34A99DB32BFC2A88004685AC /* Products */,
			);
			sourceTree = "<group>";
		};
		34A99DB32BFC2A88004685AC /* Products */ = {
			isa = PBXGroup;
			children = (
				34A99DB22BFC2A88004685AC /* FilmForensics.app */,
			);
			name = Products;
			sourceTree = "<group>";
		};
		34A99DB42BFC2A88004685AC /* FilmForensics */ = {
			isa = PBXGroup;
			children = (
				34A99DC52BFC2DBC004685AC /* FilmForensics.entitlements */,
				34A99DB52BFC2A88004685AC /* FilmForensicsApp.swift */,
				34A99DB72BFC2A88004685AC /* ContentView.swift */,
				34A99DC32BFC2ABF004685AC /* VIdeoPlayerViewModel.swift */,
				3494C5452BFDCB8600E70B0F /* VideoPlayerView.swift */,
				3494C5472BFDCF2F00E70B0F /* ImagePicker.swift */,
				3494C54B2BFDCF9000E70B0F /* MLDetection.swift */,
				3494C5492BFDCF3900E70B0F /* VideoPicker.swift */,
				34A99DB92BFC2A89004685AC /* Assets.xcassets */,
				3494C54D2BFDD1B300E70B0F /* MLcopycontrol25k.mlmodel */,
				34A99DBB2BFC2A89004685AC /* Preview Content */,
			);
			path = FilmForensics;
			sourceTree = "<group>";
		};
		34A99DBB2BFC2A89004685AC /* Preview Content */ = {
			isa = PBXGroup;
			children = (
				34A99DBC2BFC2A89004685AC /* Preview Assets.xcassets */,
			);
			path = "Preview Content";
			sourceTree = "<group>";
		};
/* End PBXGroup section */

/* Begin PBXNativeTarget section */
		34A99DB12BFC2A88004685AC /* FilmForensics */ = {
			isa = PBXNativeTarget;
			buildConfigurationList = 34A99DC02BFC2A89004685AC /* Build configuration list for PBXNativeTarget "FilmForensics" */;
			buildPhases = (
				34A99DAE2BFC2A88004685AC /* Sources */,
				34A99DAF2BFC2A88004685AC /* Frameworks */,
				34A99DB02BFC2A88004685AC /* Resources */,
			);
			buildRules = (
			);
			dependencies = (
			);
			name = FilmForensics;
			productName = FilmForensics;
			productReference = 34A99DB22BFC2A88004685AC /* FilmForensics.app */;
			productType = "com.apple.product-type.application";
		};
/* End PBXNativeTarget section */

/* Begin PBXProject section */
		34A99DAA2BFC2A88004685AC /* Project object */ = {
			isa = PBXProject;
			attributes = {
				BuildIndependentTargetsInParallel = 1;
				LastSwiftUpdateCheck = 1530;
				LastUpgradeCheck = 1530;
				TargetAttributes = {
					34A99DB12BFC2A88004685AC = {
						CreatedOnToolsVersion = 15.3;
					};
				};
			};
			buildConfigurationList = 34A99DAD2BFC2A88004685AC /* Build configuration list for PBXProject "FilmForensics" */;
			compatibilityVersion = "Xcode 14.0";
			developmentRegion = en;
			hasScannedForEncodings = 0;
			knownRegions = (
				en,
				Base,
			);
			mainGroup = 34A99DA92BFC2A88004685AC;
			productRefGroup = 34A99DB32BFC2A88004685AC /* Products */;
			projectDirPath = "";
			projectRoot = "";
			targets = (
				34A99DB12BFC2A88004685AC /* FilmForensics */,
			);
		};
/* End PBXProject section */

/* Begin PBXResourcesBuildPhase section */
		34A99DB02BFC2A88004685AC /* Resources */ = {
			isa = PBXResourcesBuildPhase;
			buildActionMask = 2147483647;
			files = (
				34A99DBD2BFC2A89004685AC /* Preview Assets.xcassets in Resources */,
				34A99DBA2BFC2A89004685AC /* Assets.xcassets in Resources */,
			);
			runOnlyForDeploymentPostprocessing = 0;
		};
/* End PBXResourcesBuildPhase section */

/* Begin PBXSourcesBuildPhase section */
		34A99DAE2BFC2A88004685AC /* Sources */ = {
			isa = PBXSourcesBuildPhase;
			buildActionMask = 2147483647;
			files = (
				3494C54E2BFDD1B300E70B0F /* MLcopycontrol25k.mlmodel in Sources */,
				3494C54C2BFDCF9000E70B0F /* MLDetection.swift in Sources */,
				34A99DC42BFC2ABF004685AC /* VIdeoPlayerViewModel.swift in Sources */,
				34A99DB82BFC2A88004685AC /* ContentView.swift in Sources */,
				3494C5482BFDCF2F00E70B0F /* ImagePicker.swift in Sources */,
				3494C54A2BFDCF3900E70B0F /* VideoPicker.swift in Sources */,
				34A99DB62BFC2A88004685AC /* FilmForensicsApp.swift in Sources */,
				3494C5462BFDCB8600E70B0F /* VideoPlayerView.swift in Sources */,
			);
			runOnlyForDeploymentPostprocessing = 0;
		};
/* End PBXSourcesBuildPhase section */

/* Begin XCBuildConfiguration section */
		34A99DBE2BFC2A89004685AC /* Debug */ = {
			isa = XCBuildConfiguration;
			buildSettings = {
				ALWAYS_SEARCH_USER_PATHS = NO;
				ASSETCATALOG_COMPILER_GENERATE_SWIFT_ASSET_SYMBOL_EXTENSIONS = YES;
				CLANG_ANALYZER_NONNULL = YES;
				CLANG_ANALYZER_NUMBER_OBJECT_CONVERSION = YES_AGGRESSIVE;
				CLANG_CXX_LANGUAGE_STANDARD = "gnu++20";
				CLANG_ENABLE_MODULES = YES;
				CLANG_ENABLE_OBJC_ARC = YES;
				CLANG_ENABLE_OBJC_WEAK = YES;
				CLANG_WARN_BLOCK_CAPTURE_AUTORELEASING = YES;
				CLANG_WARN_BOOL_CONVERSION = YES;
				CLANG_WARN_COMMA = YES;
				CLANG_WARN_CONSTANT_CONVERSION = YES;
				CLANG_WARN_DEPRECATED_OBJC_IMPLEMENTATIONS = YES;
				CLANG_WARN_DIRECT_OBJC_ISA_USAGE = YES_ERROR;
				CLANG_WARN_DOCUMENTATION_COMMENTS = YES;
				CLANG_WARN_EMPTY_BODY = YES;
				CLANG_WARN_ENUM_CONVERSION = YES;
				CLANG_WARN_INFINITE_RECURSION = YES;
				CLANG_WARN_INT_CONVERSION = YES;
				CLANG_WARN_NON_LITERAL_NULL_CONVERSION = YES;
				CLANG_WARN_OBJC_IMPLICIT_RETAIN_SELF = YES;
				CLANG_WARN_OBJC_LITERAL_CONVERSION = YES;
				CLANG_WARN_OBJC_ROOT_CLASS = YES_ERROR;
				CLANG_WARN_QUOTED_INCLUDE_IN_FRAMEWORK_HEADER = YES;
				CLANG_WARN_RANGE_LOOP_ANALYSIS = YES;
				CLANG_WARN_STRICT_PROTOTYPES = YES;
				CLANG_WARN_SUSPICIOUS_MOVE = YES;
				CLANG_WARN_UNGUARDED_AVAILABILITY = YES_AGGRESSIVE;
				CLANG_WARN_UNREACHABLE_CODE = YES;
				CLANG_WARN__DUPLICATE_METHOD_MATCH = YES;
				COPY_PHASE_STRIP = NO;
				DEBUG_INFORMATION_FORMAT = dwarf;
				ENABLE_STRICT_OBJC_MSGSEND = YES;
				ENABLE_TESTABILITY = YES;
				ENABLE_USER_SCRIPT_SANDBOXING = YES;
				GCC_C_LANGUAGE_STANDARD = gnu17;
				GCC_DYNAMIC_NO_PIC = NO;
				GCC_NO_COMMON_BLOCKS = YES;
				GCC_OPTIMIZATION_LEVEL = 0;
				GCC_PREPROCESSOR_DEFINITIONS = (
					"DEBUG=1",
					"$(inherited)",
				);
				GCC_WARN_64_TO_32_BIT_CONVERSION = YES;
				GCC_WARN_ABOUT_RETURN_TYPE = YES_ERROR;
				GCC_WARN_UNDECLARED_SELECTOR = YES;
				GCC_WARN_UNINITIALIZED_AUTOS = YES_AGGRESSIVE;
				GCC_WARN_UNUSED_FUNCTION = YES;
				GCC_WARN_UNUSED_VARIABLE = YES;
				IPHONEOS_DEPLOYMENT_TARGET = 17.4;
				LOCALIZATION_PREFERS_STRING_CATALOGS = YES;
				MTL_ENABLE_DEBUG_INFO = INCLUDE_SOURCE;
				MTL_FAST_MATH = YES;
				ONLY_ACTIVE_ARCH = YES;
				SDKROOT = iphoneos;
				SWIFT_ACTIVE_COMPILATION_CONDITIONS = "DEBUG $(inherited)";
				SWIFT_OPTIMIZATION_LEVEL = "-Onone";
			};
			name = Debug;
		};
		34A99DBF2BFC2A89004685AC /* Release */ = {
			isa = XCBuildConfiguration;
			buildSettings = {
				ALWAYS_SEARCH_USER_PATHS = NO;
				ASSETCATALOG_COMPILER_GENERATE_SWIFT_ASSET_SYMBOL_EXTENSIONS = YES;
				CLANG_ANALYZER_NONNULL = YES;
				CLANG_ANALYZER_NUMBER_OBJECT_CONVERSION = YES_AGGRESSIVE;
				CLANG_CXX_LANGUAGE_STANDARD = "gnu++20";
				CLANG_ENABLE_MODULES = YES;
				CLANG_ENABLE_OBJC_ARC = YES;
				CLANG_ENABLE_OBJC_WEAK = YES;
				CLANG_WARN_BLOCK_CAPTURE_AUTORELEASING = YES;
				CLANG_WARN_BOOL_CONVERSION = YES;
				CLANG_WARN_COMMA = YES;
				CLANG_WARN_CONSTANT_CONVERSION = YES;
				CLANG_WARN_DEPRECATED_OBJC_IMPLEMENTATIONS = YES;
				CLANG_WARN_DIRECT_OBJC_ISA_USAGE = YES_ERROR;
				CLANG_WARN_DOCUMENTATION_COMMENTS = YES;
				CLANG_WARN_EMPTY_BODY = YES;
				CLANG_WARN_ENUM_CONVERSION = YES;
				CLANG_WARN_INFINITE_RECURSION = YES;
				CLANG_WARN_INT_CONVERSION = YES;
				CLANG_WARN_NON_LITERAL_NULL_CONVERSION = YES;
				CLANG_WARN_OBJC_IMPLICIT_RETAIN_SELF = YES;
				CLANG_WARN_OBJC_LITERAL_CONVERSION = YES;
				CLANG_WARN_OBJC_ROOT_CLASS = YES_ERROR;
				CLANG_WARN_QUOTED_INCLUDE_IN_FRAMEWORK_HEADER = YES;
				CLANG_WARN_RANGE_LOOP_ANALYSIS = YES;
				CLANG_WARN_STRICT_PROTOTYPES = YES;
				CLANG_WARN_SUSPICIOUS_MOVE = YES;
				CLANG_WARN_UNGUARDED_AVAILABILITY = YES_AGGRESSIVE;
				CLANG_WARN_UNREACHABLE_CODE = YES;
				CLANG_WARN__DUPLICATE_METHOD_MATCH = YES;
				COPY_PHASE_STRIP = NO;
				DEBUG_INFORMATION_FORMAT = "dwarf-with-dsym";
				ENABLE_NS_ASSERTIONS = NO;
				ENABLE_STRICT_OBJC_MSGSEND = YES;
				ENABLE_USER_SCRIPT_SANDBOXING = YES;
				GCC_C_LANGUAGE_STANDARD = gnu17;
				GCC_NO_COMMON_BLOCKS = YES;
				GCC_WARN_64_TO_32_BIT_CONVERSION = YES;
				GCC_WARN_ABOUT_RETURN_TYPE = YES_ERROR;
				GCC_WARN_UNDECLARED_SELECTOR = YES;
				GCC_WARN_UNINITIALIZED_AUTOS = YES_AGGRESSIVE;
				GCC_WARN_UNUSED_FUNCTION = YES;
				GCC_WARN_UNUSED_VARIABLE = YES;
				IPHONEOS_DEPLOYMENT_TARGET = 17.4;
				LOCALIZATION_PREFERS_STRING_CATALOGS = YES;
				MTL_ENABLE_DEBUG_INFO = NO;
				MTL_FAST_MATH = YES;
				SDKROOT = iphoneos;
				SWIFT_COMPILATION_MODE = wholemodule;
				VALIDATE_PRODUCT = YES;
			};
			name = Release;
		};
		34A99DC12BFC2A89004685AC /* Debug */ = {
			isa = XCBuildConfiguration;
			buildSettings = {
				ASSETCATALOG_COMPILER_APPICON_NAME = AppIcon;
				ASSETCATALOG_COMPILER_GLOBAL_ACCENT_COLOR_NAME = AccentColor;
				CODE_SIGN_ENTITLEMENTS = FilmForensics/FilmForensics.entitlements;
				CODE_SIGN_STYLE = Automatic;
				CURRENT_PROJECT_VERSION = 1;
				DEVELOPMENT_ASSET_PATHS = "\"FilmForensics/Preview Content\"";
				DEVELOPMENT_TEAM = 46WUYUUA8V;
				ENABLE_PREVIEWS = YES;
				GENERATE_INFOPLIST_FILE = YES;
				INFOPLIST_KEY_NSPhotoLibraryUsageDescription = "access to your photo library to select videos.";
				INFOPLIST_KEY_UIApplicationSceneManifest_Generation = YES;
				INFOPLIST_KEY_UIApplicationSupportsIndirectInputEvents = YES;
				INFOPLIST_KEY_UILaunchScreen_Generation = YES;
				INFOPLIST_KEY_UISupportedInterfaceOrientations_iPad = "UIInterfaceOrientationPortrait UIInterfaceOrientationPortraitUpsideDown UIInterfaceOrientationLandscapeLeft UIInterfaceOrientationLandscapeRight";
				INFOPLIST_KEY_UISupportedInterfaceOrientations_iPhone = "UIInterfaceOrientationPortrait UIInterfaceOrientationLandscapeLeft UIInterfaceOrientationLandscapeRight";
				LD_RUNPATH_SEARCH_PATHS = (
					"$(inherited)",
					"@executable_path/Frameworks",
				);
				MARKETING_VERSION = 1.0;
				PRODUCT_BUNDLE_IDENTIFIER = com.oil3.FilmForensics;
				PRODUCT_NAME = "$(TARGET_NAME)";
				SUPPORTED_PLATFORMS = "iphoneos iphonesimulator macosx";
				SUPPORTS_MACCATALYST = YES;
				SUPPORTS_XR_DESIGNED_FOR_IPHONE_IPAD = NO;
				SWIFT_EMIT_LOC_STRINGS = YES;
				SWIFT_VERSION = 5.0;
				TARGETED_DEVICE_FAMILY = "1,2";
			};
			name = Debug;
		};
		34A99DC22BFC2A89004685AC /* Release */ = {
			isa = XCBuildConfiguration;
			buildSettings = {
				ASSETCATALOG_COMPILER_APPICON_NAME = AppIcon;
				ASSETCATALOG_COMPILER_GLOBAL_ACCENT_COLOR_NAME = AccentColor;
				CODE_SIGN_ENTITLEMENTS = FilmForensics/FilmForensics.entitlements;
				CODE_SIGN_STYLE = Automatic;
				CURRENT_PROJECT_VERSION = 1;
				DEVELOPMENT_ASSET_PATHS = "\"FilmForensics/Preview Content\"";
				DEVELOPMENT_TEAM = 46WUYUUA8V;
				ENABLE_PREVIEWS = YES;
				GENERATE_INFOPLIST_FILE = YES;
				INFOPLIST_KEY_NSPhotoLibraryUsageDescription = "access to your photo library to select videos.";
				INFOPLIST_KEY_UIApplicationSceneManifest_Generation = YES;
				INFOPLIST_KEY_UIApplicationSupportsIndirectInputEvents = YES;
				INFOPLIST_KEY_UILaunchScreen_Generation = YES;
				INFOPLIST_KEY_UISupportedInterfaceOrientations_iPad = "UIInterfaceOrientationPortrait UIInterfaceOrientationPortraitUpsideDown UIInterfaceOrientationLandscapeLeft UIInterfaceOrientationLandscapeRight";
				INFOPLIST_KEY_UISupportedInterfaceOrientations_iPhone = "UIInterfaceOrientationPortrait UIInterfaceOrientationLandscapeLeft UIInterfaceOrientationLandscapeRight";
				LD_RUNPATH_SEARCH_PATHS = (
					"$(inherited)",
					"@executable_path/Frameworks",
				);
				MARKETING_VERSION = 1.0;
				PRODUCT_BUNDLE_IDENTIFIER = com.oil3.FilmForensics;
				PRODUCT_NAME = "$(TARGET_NAME)";
				SUPPORTED_PLATFORMS = "iphoneos iphonesimulator macosx";
				SUPPORTS_MACCATALYST = YES;
				SUPPORTS_XR_DESIGNED_FOR_IPHONE_IPAD = NO;
				SWIFT_EMIT_LOC_STRINGS = YES;
				SWIFT_VERSION = 5.0;
				TARGETED_DEVICE_FAMILY = "1,2";
			};
			name = Release;
		};
/* End XCBuildConfiguration section */

/* Begin XCConfigurationList section */
		34A99DAD2BFC2A88004685AC /* Build configuration list for PBXProject "FilmForensics" */ = {
			isa = XCConfigurationList;
			buildConfigurations = (
				34A99DBE2BFC2A89004685AC /* Debug */,
				34A99DBF2BFC2A89004685AC /* Release */,
			);
			defaultConfigurationIsVisible = 0;
			defaultConfigurationName = Release;
		};
		34A99DC02BFC2A89004685AC /* Build configuration list for PBXNativeTarget "FilmForensics" */ = {
			isa = XCConfigurationList;
			buildConfigurations = (
				34A99DC12BFC2A89004685AC /* Debug */,
				34A99DC22BFC2A89004685AC /* Release */,
			);
			defaultConfigurationIsVisible = 0;
			defaultConfigurationName = Release;
		};
/* End XCConfigurationList section */
	};
	rootObject = 34A99DAA2BFC2A88004685AC /* Project object */;
}
