// !$*UTF8*$!
{
	archiveVersion = 1;
	classes = {
	};
	objectVersion = 56;
	objects = {

/* Begin PBXBuildFile section */
		342A34512C157A3200F1995E /* SRGAN.mlmodel in Sources */ = {isa = PBXBuildFile; fileRef = 341AD8BA2BFFA61300BF3CE3 /* SRGAN.mlmodel */; };
		342A34522C157A3200F1995E /* SRResNet.mlmodel in Sources */ = {isa = PBXBuildFile; fileRef = 341AD8BC2BFFA61300BF3CE3 /* SRResNet.mlmodel */; };
		342A34532C157A3200F1995E /* bsrgan.mlmodel in Sources */ = {isa = PBXBuildFile; fileRef = 341AD8B72BFFA5EB00BF3CE3 /* bsrgan.mlmodel */; };
		342D0CE52C1D3C5000ECDA36 /* cashcashier32_2000.mlmodel in Sources */ = {isa = PBXBuildFile; fileRef = 342D0CE12C1D3C5000ECDA36 /* cashcashier32_2000.mlmodel */; };
		342D0CE62C1D3C5000ECDA36 /* cashcashier321it14588.mlmodel in Sources */ = {isa = PBXBuildFile; fileRef = 342D0CE22C1D3C5000ECDA36 /* cashcashier321it14588.mlmodel */; };
		342D0CE72C1D3C5000ECDA36 /* cashtrack416.mlmodel in Sources */ = {isa = PBXBuildFile; fileRef = 342D0CE32C1D3C5000ECDA36 /* cashtrack416.mlmodel */; };
		342D0CE82C1D3C5000ECDA36 /* cashtrack704x416.mlmodel in Sources */ = {isa = PBXBuildFile; fileRef = 342D0CE42C1D3C5000ECDA36 /* cashtrack704x416.mlmodel */; };
		342D0CEA2C1D3C7700ECDA36 /* Photo on 14-6-24 at 21.14.jpg in Resources */ = {isa = PBXBuildFile; fileRef = 342D0CE92C1D3C7700ECDA36 /* Photo on 14-6-24 at 21.14.jpg */; };
		342D0CF52C1D3D7A00ECDA36 /* epoch70.mlpackage in Sources */ = {isa = PBXBuildFile; fileRef = 342D0CF12C1D3D7A00ECDA36 /* epoch70.mlpackage */; };
		342D0CF62C1D3D7A00ECDA36 /* best.mlpackage in Sources */ = {isa = PBXBuildFile; fileRef = 342D0CF22C1D3D7A00ECDA36 /* best.mlpackage */; };
		342D0CF72C1D3D7A00ECDA36 /* epoch59.mlpackage in Sources */ = {isa = PBXBuildFile; fileRef = 342D0CF32C1D3D7A00ECDA36 /* epoch59.mlpackage */; };
		342D0CF82C1D3D7A00ECDA36 /* lastE8.mlpackage in Sources */ = {isa = PBXBuildFile; fileRef = 342D0CF42C1D3D7A00ECDA36 /* lastE8.mlpackage */; };
		342D0D002C1D52D500ECDA36 /* ToolMLApp.swift in Sources */ = {isa = PBXBuildFile; fileRef = 342D0CFF2C1D52D500ECDA36 /* ToolMLApp.swift */; };
		342D0D022C1D52D500ECDA36 /* ContentView.swift in Sources */ = {isa = PBXBuildFile; fileRef = 342D0D012C1D52D500ECDA36 /* ContentView.swift */; };
		342D0D042C1D52D600ECDA36 /* Assets.xcassets in Resources */ = {isa = PBXBuildFile; fileRef = 342D0D032C1D52D600ECDA36 /* Assets.xcassets */; };
		342D0D072C1D52D600ECDA36 /* Preview Assets.xcassets in Resources */ = {isa = PBXBuildFile; fileRef = 342D0D062C1D52D600ECDA36 /* Preview Assets.xcassets */; };
		342D0D0C2C1D52F400ECDA36 /* best.mlpackage in Sources */ = {isa = PBXBuildFile; fileRef = 342D0CF22C1D3D7A00ECDA36 /* best.mlpackage */; };
		342D0D0D2C1D554900ECDA36 /* ccashier3.mlmodel in Sources */ = {isa = PBXBuildFile; fileRef = 34C825AF2C0FAF0E0006E453 /* ccashier3.mlmodel */; };
		342D0D0E2C1D554D00ECDA36 /* IO_cashtrack.mlpackage in Sources */ = {isa = PBXBuildFile; fileRef = 349ECA452C1B503500C29D1B /* IO_cashtrack.mlpackage */; };
		344D22E22C0EF86100C6966E /* VApp.swift in Sources */ = {isa = PBXBuildFile; fileRef = 344D22E12C0EF86100C6966E /* VApp.swift */; };
		344D22E42C0EF86100C6966E /* ContentView.swift in Sources */ = {isa = PBXBuildFile; fileRef = 344D22E32C0EF86100C6966E /* ContentView.swift */; };
		344D22E62C0EF86200C6966E /* Assets.xcassets in Resources */ = {isa = PBXBuildFile; fileRef = 344D22E52C0EF86200C6966E /* Assets.xcassets */; };
		344D22E92C0EF86200C6966E /* Preview Assets.xcassets in Resources */ = {isa = PBXBuildFile; fileRef = 344D22E82C0EF86200C6966E /* Preview Assets.xcassets */; };
		344D22F22C0EF9F100C6966E /* MLcopycontrol25k.mlmodel in Sources */ = {isa = PBXBuildFile; fileRef = 3494C54D2BFDD1B300E70B0F /* MLcopycontrol25k.mlmodel */; };
		344D22F62C0F046900C6966E /* MetalProcessor.swift in Sources */ = {isa = PBXBuildFile; fileRef = 344D22F52C0F046900C6966E /* MetalProcessor.swift */; };
		344D22FB2C0F172B00C6966E /* VideoView.swift in Sources */ = {isa = PBXBuildFile; fileRef = 344D22FA2C0F172B00C6966E /* VideoView.swift */; };
		344D22FD2C0F17E700C6966E /* matrix.mov in Resources */ = {isa = PBXBuildFile; fileRef = 344D22FC2C0F17E200C6966E /* matrix.mov */; };
		3471ED402C0CF71900916598 /* detFX.m4a in Resources */ = {isa = PBXBuildFile; fileRef = 3471ED062C0CF71800916598 /* detFX.m4a */; };
		3471ED412C0CF71900916598 /* ImageViewer.swift in Sources */ = {isa = PBXBuildFile; fileRef = 3471ED072C0CF71800916598 /* ImageViewer.swift */; };
		3471ED422C0CF71900916598 /* VideoPreviewView.swift in Sources */ = {isa = PBXBuildFile; fileRef = 3471ED082C0CF71800916598 /* VideoPreviewView.swift */; };
		3471ED452C0CF71900916598 /* Assets.xcassets in Resources */ = {isa = PBXBuildFile; fileRef = 3471ED0B2C0CF71800916598 /* Assets.xcassets */; };
		3471ED462C0CF71900916598 /* Info.plist in Resources */ = {isa = PBXBuildFile; fileRef = 3471ED0C2C0CF71800916598 /* Info.plist */; };
		3471ED472C0CF71900916598 /* LaunchScreen.storyboard in Resources */ = {isa = PBXBuildFile; fileRef = 3471ED0E2C0CF71800916598 /* LaunchScreen.storyboard */; };
		3471ED482C0CF71900916598 /* Main.storyboard in Resources */ = {isa = PBXBuildFile; fileRef = 3471ED102C0CF71800916598 /* Main.storyboard */; };
		3471ED492C0CF71900916598 /* ModelDescriptionViewController.swift in Sources */ = {isa = PBXBuildFile; fileRef = 3471ED122C0CF71800916598 /* ModelDescriptionViewController.swift */; };
		3471ED4A2C0CF71900916598 /* ViewController.swift in Sources */ = {isa = PBXBuildFile; fileRef = 3471ED132C0CF71800916598 /* ViewController.swift */; };
		3471ED4B2C0CF71900916598 /* CoreMLView.swift in Sources */ = {isa = PBXBuildFile; fileRef = 3471ED152C0CF71800916598 /* CoreMLView.swift */; };
		3471ED4D2C0CF71900916598 /* MachineSystemSecurityApp.swift in Sources */ = {isa = PBXBuildFile; fileRef = 3471ED172C0CF71800916598 /* MachineSystemSecurityApp.swift */; };
		3471ED502C0CF71900916598 /* AnnotatedImage.swift in Sources */ = {isa = PBXBuildFile; fileRef = 3471ED1C2C0CF71800916598 /* AnnotatedImage.swift */; };
		3471ED512C0CF71900916598 /* SettingsView.swift in Sources */ = {isa = PBXBuildFile; fileRef = 3471ED1D2C0CF71800916598 /* SettingsView.swift */; };
		3471ED522C0CF71900916598 /* SyntaxHighlightingTextView.swift in Sources */ = {isa = PBXBuildFile; fileRef = 3471ED1E2C0CF71800916598 /* SyntaxHighlightingTextView.swift */; };
		3471ED532C0CF71900916598 /* VideoViewControllerWrapper.swift in Sources */ = {isa = PBXBuildFile; fileRef = 3471ED1F2C0CF71800916598 /* VideoViewControllerWrapper.swift */; };
		3471ED552C0CF71900916598 /* GalleryViewModel.swift in Sources */ = {isa = PBXBuildFile; fileRef = 3471ED212C0CF71800916598 /* GalleryViewModel.swift */; };
		3471ED5B2C0CF71900916598 /* GalleryView.swift in Sources */ = {isa = PBXBuildFile; fileRef = 3471ED282C0CF71900916598 /* GalleryView.swift */; };
		3471ED5C2C0CF71900916598 /* VideoView.swift in Sources */ = {isa = PBXBuildFile; fileRef = 3471ED292C0CF71900916598 /* VideoView.swift */; };
		3471ED5D2C0CF71900916598 /* CameraViewController.swift in Sources */ = {isa = PBXBuildFile; fileRef = 3471ED2A2C0CF71900916598 /* CameraViewController.swift */; };
		3471ED5E2C0CF71900916598 /* BoundingBoxView.swift in Sources */ = {isa = PBXBuildFile; fileRef = 3471ED2B2C0CF71900916598 /* BoundingBoxView.swift */; };
		3471ED5F2C0CF71900916598 /* VideoViewController.swift in Sources */ = {isa = PBXBuildFile; fileRef = 3471ED2C2C0CF71900916598 /* VideoViewController.swift */; };
		3471ED602C0CF71900916598 /* ContentView.swift in Sources */ = {isa = PBXBuildFile; fileRef = 3471ED2D2C0CF71900916598 /* ContentView.swift */; };
		3471ED672C0CF71900916598 /* LogView.swift in Sources */ = {isa = PBXBuildFile; fileRef = 3471ED352C0CF71900916598 /* LogView.swift */; };
		3471ED682C0CF71900916598 /* ViewLogs.swift in Sources */ = {isa = PBXBuildFile; fileRef = 3471ED362C0CF71900916598 /* ViewLogs.swift */; };
		3471ED6A2C0CF71900916598 /* MetalVideoProcessor.swift in Sources */ = {isa = PBXBuildFile; fileRef = 3471ED382C0CF71900916598 /* MetalVideoProcessor.swift */; };
		3471ED6B2C0CF71900916598 /* sampleVideo.mp4 in Resources */ = {isa = PBXBuildFile; fileRef = 3471ED392C0CF71900916598 /* sampleVideo.mp4 */; };
		3471ED6C2C0CF71900916598 /* YOLOv3TinyInt8LUT.mlmodel in Sources */ = {isa = PBXBuildFile; fileRef = 3471ED3A2C0CF71900916598 /* YOLOv3TinyInt8LUT.mlmodel */; };
		3471ED6D2C0CF71900916598 /* MediaFile.swift in Sources */ = {isa = PBXBuildFile; fileRef = 3471ED3C2C0CF71900916598 /* MediaFile.swift */; };
		3471ED6E2C0CF71900916598 /* CameraView.swift in Sources */ = {isa = PBXBuildFile; fileRef = 3471ED3D2C0CF71900916598 /* CameraView.swift */; };
		3471ED6F2C0CF71900916598 /* SideBar.swift in Sources */ = {isa = PBXBuildFile; fileRef = 3471ED3E2C0CF71900916598 /* SideBar.swift */; };
		3471ED702C0CF71900916598 /* yolov5s.mlmodel in Sources */ = {isa = PBXBuildFile; fileRef = 3471ED3F2C0CF71900916598 /* yolov5s.mlmodel */; };
		348EA80D2C1C0FF800C112C3 /* DetectionStatsView.swift in Sources */ = {isa = PBXBuildFile; fileRef = 348EA80C2C1C0FF800C112C3 /* DetectionStatsView.swift */; };
		348EA80F2C1C189700C112C3 /* ChartView.swift in Sources */ = {isa = PBXBuildFile; fileRef = 348EA80E2C1C189700C112C3 /* ChartView.swift */; };
		3494C5462BFDCB8600E70B0F /* VideoPlayerView.swift in Sources */ = {isa = PBXBuildFile; fileRef = 3494C5452BFDCB8600E70B0F /* VideoPlayerView.swift */; };
		3494C5482BFDCF2F00E70B0F /* ImagePicker.swift in Sources */ = {isa = PBXBuildFile; fileRef = 3494C5472BFDCF2F00E70B0F /* ImagePicker.swift */; };
		3494C54A2BFDCF3900E70B0F /* VideoPicker.swift in Sources */ = {isa = PBXBuildFile; fileRef = 3494C5492BFDCF3900E70B0F /* VideoPicker.swift */; };
		3494C54C2BFDCF9000E70B0F /* MLDetection.swift in Sources */ = {isa = PBXBuildFile; fileRef = 3494C54B2BFDCF9000E70B0F /* MLDetection.swift */; };
		3494C54E2BFDD1B300E70B0F /* MLcopycontrol25k.mlmodel in Sources */ = {isa = PBXBuildFile; fileRef = 3494C54D2BFDD1B300E70B0F /* MLcopycontrol25k.mlmodel */; };
		349771492BFEF01500533EEA /* Extensions.swift in Sources */ = {isa = PBXBuildFile; fileRef = 349771482BFEF01500533EEA /* Extensions.swift */; };
		3497714B2BFEF1DB00533EEA /* FilterControlsOverlay.swift in Sources */ = {isa = PBXBuildFile; fileRef = 3497714A2BFEF1DB00533EEA /* FilterControlsOverlay.swift */; };
		3497714F2BFEF1F800533EEA /* HistogramView.swift in Sources */ = {isa = PBXBuildFile; fileRef = 3497714E2BFEF1F800533EEA /* HistogramView.swift */; };
		349771512BFEF4AB00533EEA /* OverlayWindow.swift in Sources */ = {isa = PBXBuildFile; fileRef = 349771502BFEF4AB00533EEA /* OverlayWindow.swift */; };
		349ECA462C1B503500C29D1B /* IO_cashtrack.mlpackage in Sources */ = {isa = PBXBuildFile; fileRef = 349ECA452C1B503500C29D1B /* IO_cashtrack.mlpackage */; };
		349ECA482C1B510F00C29D1B /* GalleryModel.swift in Sources */ = {isa = PBXBuildFile; fileRef = 349ECA472C1B510F00C29D1B /* GalleryModel.swift */; };
		349ECA4A2C1B6B9200C29D1B /* DetectionStats.swift in Sources */ = {isa = PBXBuildFile; fileRef = 349ECA492C1B6B9200C29D1B /* DetectionStats.swift */; };
		349ECA4C2C1BC82C00C29D1B /* VideoViewContainer.swift in Sources */ = {isa = PBXBuildFile; fileRef = 349ECA4B2C1BC82C00C29D1B /* VideoViewContainer.swift */; };
		349ECA4D2C1BCFBF00C29D1B /* detFX.m4a in Resources */ = {isa = PBXBuildFile; fileRef = 3471ED062C0CF71800916598 /* detFX.m4a */; };
		34A99DB62BFC2A88004685AC /* FilmForensicsApp.swift in Sources */ = {isa = PBXBuildFile; fileRef = 34A99DB52BFC2A88004685AC /* FilmForensicsApp.swift */; };
		34A99DB82BFC2A88004685AC /* ContentView.swift in Sources */ = {isa = PBXBuildFile; fileRef = 34A99DB72BFC2A88004685AC /* ContentView.swift */; };
		34A99DBA2BFC2A89004685AC /* Assets.xcassets in Resources */ = {isa = PBXBuildFile; fileRef = 34A99DB92BFC2A89004685AC /* Assets.xcassets */; };
		34A99DBD2BFC2A89004685AC /* Preview Assets.xcassets in Resources */ = {isa = PBXBuildFile; fileRef = 34A99DBC2BFC2A89004685AC /* Preview Assets.xcassets */; };
		34A99DC42BFC2ABF004685AC /* VIdeoPlayerViewModel.swift in Sources */ = {isa = PBXBuildFile; fileRef = 34A99DC32BFC2ABF004685AC /* VIdeoPlayerViewModel.swift */; };
		34AA94B22C19394500CEFB75 /* Coordinator.swift in Sources */ = {isa = PBXBuildFile; fileRef = 34AA94B12C19394500CEFB75 /* Coordinator.swift */; };
		34AA94B42C1951D300CEFB75 /* GalleryView.swift in Sources */ = {isa = PBXBuildFile; fileRef = 34AA94B32C1951D300CEFB75 /* GalleryView.swift */; };
		34B83A162C0D002000A0E4BD /* yolov8x2AAA.mlpackage in Sources */ = {isa = PBXBuildFile; fileRef = 34B83A152C0D002000A0E4BD /* yolov8x2AAA.mlpackage */; };
		34B83A212C0E32E900A0E4BD /* matrix.mov in Resources */ = {isa = PBXBuildFile; fileRef = 34B83A202C0E32E900A0E4BD /* matrix.mov */; };
		34C825A22C0F98E70006E453 /* CoreMLProcessor.swift in Sources */ = {isa = PBXBuildFile; fileRef = 34C825A12C0F98E70006E453 /* CoreMLProcessor.swift */; };
		34C825A42C0F9A070006E453 /* CoreMLProcessView.swift in Sources */ = {isa = PBXBuildFile; fileRef = 34C825A32C0F9A070006E453 /* CoreMLProcessView.swift */; };
		34C825A82C0FA4970006E453 /* SyntaxHighlightingTextView.swift in Sources */ = {isa = PBXBuildFile; fileRef = 34C825A72C0FA4970006E453 /* SyntaxHighlightingTextView.swift */; };
		34C825AC2C0FA5150006E453 /* BoundingBoxView.swift in Sources */ = {isa = PBXBuildFile; fileRef = 34C825AB2C0FA5150006E453 /* BoundingBoxView.swift */; };
		34C825B02C0FAF0E0006E453 /* ccontrol4.mlmodel in Sources */ = {isa = PBXBuildFile; fileRef = 34C825AD2C0FAF0E0006E453 /* ccontrol4.mlmodel */; };
		34C825B12C0FAF0E0006E453 /* cctrack23090.mlmodel in Sources */ = {isa = PBXBuildFile; fileRef = 34C825AE2C0FAF0E0006E453 /* cctrack23090.mlmodel */; };
		34C825B22C0FAF0E0006E453 /* ccashier3.mlmodel in Sources */ = {isa = PBXBuildFile; fileRef = 34C825AF2C0FAF0E0006E453 /* ccashier3.mlmodel */; };
		34C825B42C102B7D0006E453 /* LogView.swift in Sources */ = {isa = PBXBuildFile; fileRef = 34C825B32C102B7D0006E453 /* LogView.swift */; };
		34C825B62C115DA00006E453 /* SettingsView.swift in Sources */ = {isa = PBXBuildFile; fileRef = 34C825B52C115DA00006E453 /* SettingsView.swift */; };
		34E11DD72C0CA68200A7B857 /* Assets.xcassets in Resources */ = {isa = PBXBuildFile; fileRef = 34E11DD62C0CA68200A7B857 /* Assets.xcassets */; };
		34E11DDB2C0CA68200A7B857 /* Preview Assets.xcassets in Resources */ = {isa = PBXBuildFile; fileRef = 34E11DDA2C0CA68200A7B857 /* Preview Assets.xcassets */; };
		34E4C05C2C0BA623007D3A05 /* FilterControlsView.swift in Sources */ = {isa = PBXBuildFile; fileRef = 34E4C05B2C0BA623007D3A05 /* FilterControlsView.swift */; };
		34E4C05E2C0BBAB5007D3A05 /* ImageViewerModel.swift in Sources */ = {isa = PBXBuildFile; fileRef = 34E4C05D2C0BBAB5007D3A05 /* ImageViewerModel.swift */; };
		34E4C0602C0BBEE5007D3A05 /* FiltersImageControlsView.swift in Sources */ = {isa = PBXBuildFile; fileRef = 34E4C05F2C0BBEE5007D3A05 /* FiltersImageControlsView.swift */; };
/* End PBXBuildFile section */

/* Begin PBXFileReference section */
		341AD8B52BFFA3D900BF3CE3 /* MPRNetDebluring.mlmodel */ = {isa = PBXFileReference; lastKnownFileType = file.mlmodel; path = MPRNetDebluring.mlmodel; sourceTree = "<group>"; };
		341AD8B72BFFA5EB00BF3CE3 /* bsrgan.mlmodel */ = {isa = PBXFileReference; lastKnownFileType = file.mlmodel; path = bsrgan.mlmodel; sourceTree = "<group>"; };
		341AD8B92BFFA61300BF3CE3 /* realesrgan512.mlmodel */ = {isa = PBXFileReference; lastKnownFileType = file.mlmodel; path = realesrgan512.mlmodel; sourceTree = "<group>"; };
		341AD8BA2BFFA61300BF3CE3 /* SRGAN.mlmodel */ = {isa = PBXFileReference; lastKnownFileType = file.mlmodel; path = SRGAN.mlmodel; sourceTree = "<group>"; };
		341AD8BC2BFFA61300BF3CE3 /* SRResNet.mlmodel */ = {isa = PBXFileReference; lastKnownFileType = file.mlmodel; path = SRResNet.mlmodel; sourceTree = "<group>"; };
		341AD8BD2BFFA61300BF3CE3 /* Fast-SRGAN.mlmodel */ = {isa = PBXFileReference; lastKnownFileType = file.mlmodel; path = "Fast-SRGAN.mlmodel"; sourceTree = "<group>"; };
		342D0CE12C1D3C5000ECDA36 /* cashcashier32_2000.mlmodel */ = {isa = PBXFileReference; lastKnownFileType = file.mlmodel; path = cashcashier32_2000.mlmodel; sourceTree = "<group>"; };
		342D0CE22C1D3C5000ECDA36 /* cashcashier321it14588.mlmodel */ = {isa = PBXFileReference; lastKnownFileType = file.mlmodel; path = cashcashier321it14588.mlmodel; sourceTree = "<group>"; };
		342D0CE32C1D3C5000ECDA36 /* cashtrack416.mlmodel */ = {isa = PBXFileReference; lastKnownFileType = file.mlmodel; path = cashtrack416.mlmodel; sourceTree = "<group>"; };
		342D0CE42C1D3C5000ECDA36 /* cashtrack704x416.mlmodel */ = {isa = PBXFileReference; lastKnownFileType = file.mlmodel; path = cashtrack704x416.mlmodel; sourceTree = "<group>"; };
		342D0CE92C1D3C7700ECDA36 /* Photo on 14-6-24 at 21.14.jpg */ = {isa = PBXFileReference; lastKnownFileType = image.jpeg; path = "Photo on 14-6-24 at 21.14.jpg"; sourceTree = "<group>"; };
		342D0CF12C1D3D7A00ECDA36 /* epoch70.mlpackage */ = {isa = PBXFileReference; lastKnownFileType = folder.mlpackage; path = epoch70.mlpackage; sourceTree = "<group>"; };
		342D0CF22C1D3D7A00ECDA36 /* best.mlpackage */ = {isa = PBXFileReference; lastKnownFileType = folder.mlpackage; path = best.mlpackage; sourceTree = "<group>"; };
		342D0CF32C1D3D7A00ECDA36 /* epoch59.mlpackage */ = {isa = PBXFileReference; lastKnownFileType = folder.mlpackage; path = epoch59.mlpackage; sourceTree = "<group>"; };
		342D0CF42C1D3D7A00ECDA36 /* lastE8.mlpackage */ = {isa = PBXFileReference; lastKnownFileType = folder.mlpackage; path = lastE8.mlpackage; sourceTree = "<group>"; };
		342D0CFD2C1D52D500ECDA36 /* ToolML.app */ = {isa = PBXFileReference; explicitFileType = wrapper.application; includeInIndex = 0; path = ToolML.app; sourceTree = BUILT_PRODUCTS_DIR; };
		342D0CFF2C1D52D500ECDA36 /* ToolMLApp.swift */ = {isa = PBXFileReference; lastKnownFileType = sourcecode.swift; path = ToolMLApp.swift; sourceTree = "<group>"; };
		342D0D012C1D52D500ECDA36 /* ContentView.swift */ = {isa = PBXFileReference; lastKnownFileType = sourcecode.swift; path = ContentView.swift; sourceTree = "<group>"; };
		342D0D032C1D52D600ECDA36 /* Assets.xcassets */ = {isa = PBXFileReference; lastKnownFileType = folder.assetcatalog; path = Assets.xcassets; sourceTree = "<group>"; };
		342D0D062C1D52D600ECDA36 /* Preview Assets.xcassets */ = {isa = PBXFileReference; lastKnownFileType = folder.assetcatalog; path = "Preview Assets.xcassets"; sourceTree = "<group>"; };
		342D0D082C1D52D600ECDA36 /* ToolML.entitlements */ = {isa = PBXFileReference; lastKnownFileType = text.plist.entitlements; path = ToolML.entitlements; sourceTree = "<group>"; };
		344D22DF2C0EF86100C6966E /* V.app */ = {isa = PBXFileReference; explicitFileType = wrapper.application; includeInIndex = 0; path = V.app; sourceTree = BUILT_PRODUCTS_DIR; };
		344D22E12C0EF86100C6966E /* VApp.swift */ = {isa = PBXFileReference; lastKnownFileType = sourcecode.swift; path = VApp.swift; sourceTree = "<group>"; };
		344D22E32C0EF86100C6966E /* ContentView.swift */ = {isa = PBXFileReference; lastKnownFileType = sourcecode.swift; path = ContentView.swift; sourceTree = "<group>"; };
		344D22E52C0EF86200C6966E /* Assets.xcassets */ = {isa = PBXFileReference; lastKnownFileType = folder.assetcatalog; path = Assets.xcassets; sourceTree = "<group>"; };
		344D22E82C0EF86200C6966E /* Preview Assets.xcassets */ = {isa = PBXFileReference; lastKnownFileType = folder.assetcatalog; path = "Preview Assets.xcassets"; sourceTree = "<group>"; };
		344D22EA2C0EF86200C6966E /* V.entitlements */ = {isa = PBXFileReference; lastKnownFileType = text.plist.entitlements; path = V.entitlements; sourceTree = "<group>"; };
		344D22F52C0F046900C6966E /* MetalProcessor.swift */ = {isa = PBXFileReference; lastKnownFileType = sourcecode.swift; path = MetalProcessor.swift; sourceTree = "<group>"; };
		344D22F72C0F04EA00C6966E /* VideoController.swift */ = {isa = PBXFileReference; lastKnownFileType = sourcecode.swift; name = VideoController.swift; path = V/VideoController.swift; sourceTree = SOURCE_ROOT; };
		344D22FA2C0F172B00C6966E /* VideoView.swift */ = {isa = PBXFileReference; lastKnownFileType = sourcecode.swift; path = VideoView.swift; sourceTree = "<group>"; };
		344D22FC2C0F17E200C6966E /* matrix.mov */ = {isa = PBXFileReference; lastKnownFileType = video.quicktime; path = matrix.mov; sourceTree = "<group>"; };
		3471ED062C0CF71800916598 /* detFX.m4a */ = {isa = PBXFileReference; lastKnownFileType = file; path = detFX.m4a; sourceTree = "<group>"; };
		3471ED072C0CF71800916598 /* ImageViewer.swift */ = {isa = PBXFileReference; fileEncoding = 4; lastKnownFileType = sourcecode.swift; path = ImageViewer.swift; sourceTree = "<group>"; };
		3471ED082C0CF71800916598 /* VideoPreviewView.swift */ = {isa = PBXFileReference; fileEncoding = 4; lastKnownFileType = sourcecode.swift; path = VideoPreviewView.swift; sourceTree = "<group>"; };
		3471ED0B2C0CF71800916598 /* Assets.xcassets */ = {isa = PBXFileReference; lastKnownFileType = folder.assetcatalog; path = Assets.xcassets; sourceTree = "<group>"; };
		3471ED0C2C0CF71800916598 /* Info.plist */ = {isa = PBXFileReference; fileEncoding = 4; lastKnownFileType = text.plist.xml; path = Info.plist; sourceTree = "<group>"; };
		3471ED0D2C0CF71800916598 /* Base */ = {isa = PBXFileReference; lastKnownFileType = file.storyboard; name = Base; path = Base.lproj/LaunchScreen.storyboard; sourceTree = "<group>"; };
		3471ED0F2C0CF71800916598 /* Base */ = {isa = PBXFileReference; lastKnownFileType = file.storyboard; name = Base; path = Base.lproj/Main.storyboard; sourceTree = "<group>"; };
		3471ED112C0CF71800916598 /* MLModelCamera.entitlements */ = {isa = PBXFileReference; fileEncoding = 4; lastKnownFileType = text.plist.entitlements; path = MLModelCamera.entitlements; sourceTree = "<group>"; };
		3471ED122C0CF71800916598 /* ModelDescriptionViewController.swift */ = {isa = PBXFileReference; fileEncoding = 4; lastKnownFileType = sourcecode.swift; path = ModelDescriptionViewController.swift; sourceTree = "<group>"; };
		3471ED132C0CF71800916598 /* ViewController.swift */ = {isa = PBXFileReference; fileEncoding = 4; lastKnownFileType = sourcecode.swift; path = ViewController.swift; sourceTree = "<group>"; };
		3471ED152C0CF71800916598 /* CoreMLView.swift */ = {isa = PBXFileReference; fileEncoding = 4; lastKnownFileType = sourcecode.swift; path = CoreMLView.swift; sourceTree = "<group>"; };
		3471ED172C0CF71800916598 /* MachineSystemSecurityApp.swift */ = {isa = PBXFileReference; fileEncoding = 4; lastKnownFileType = sourcecode.swift; path = MachineSystemSecurityApp.swift; sourceTree = "<group>"; };
		3471ED1C2C0CF71800916598 /* AnnotatedImage.swift */ = {isa = PBXFileReference; fileEncoding = 4; lastKnownFileType = sourcecode.swift; path = AnnotatedImage.swift; sourceTree = "<group>"; };
		3471ED1D2C0CF71800916598 /* SettingsView.swift */ = {isa = PBXFileReference; fileEncoding = 4; lastKnownFileType = sourcecode.swift; path = SettingsView.swift; sourceTree = "<group>"; };
		3471ED1E2C0CF71800916598 /* SyntaxHighlightingTextView.swift */ = {isa = PBXFileReference; fileEncoding = 4; lastKnownFileType = sourcecode.swift; path = SyntaxHighlightingTextView.swift; sourceTree = "<group>"; };
		3471ED1F2C0CF71800916598 /* VideoViewControllerWrapper.swift */ = {isa = PBXFileReference; fileEncoding = 4; lastKnownFileType = sourcecode.swift; path = VideoViewControllerWrapper.swift; sourceTree = "<group>"; };
		3471ED212C0CF71800916598 /* GalleryViewModel.swift */ = {isa = PBXFileReference; fileEncoding = 4; lastKnownFileType = sourcecode.swift; path = GalleryViewModel.swift; sourceTree = "<group>"; };
		3471ED262C0CF71900916598 /* yolov9c.mlpackage */ = {isa = PBXFileReference; lastKnownFileType = folder.mlpackage; path = yolov9c.mlpackage; sourceTree = "<group>"; };
		3471ED282C0CF71900916598 /* GalleryView.swift */ = {isa = PBXFileReference; fileEncoding = 4; lastKnownFileType = sourcecode.swift; path = GalleryView.swift; sourceTree = "<group>"; };
		3471ED292C0CF71900916598 /* VideoView.swift */ = {isa = PBXFileReference; fileEncoding = 4; lastKnownFileType = sourcecode.swift; path = VideoView.swift; sourceTree = "<group>"; };
		3471ED2A2C0CF71900916598 /* CameraViewController.swift */ = {isa = PBXFileReference; fileEncoding = 4; lastKnownFileType = sourcecode.swift; path = CameraViewController.swift; sourceTree = "<group>"; };
		3471ED2B2C0CF71900916598 /* BoundingBoxView.swift */ = {isa = PBXFileReference; fileEncoding = 4; lastKnownFileType = sourcecode.swift; path = BoundingBoxView.swift; sourceTree = "<group>"; };
		3471ED2C2C0CF71900916598 /* VideoViewController.swift */ = {isa = PBXFileReference; fileEncoding = 4; lastKnownFileType = sourcecode.swift; path = VideoViewController.swift; sourceTree = "<group>"; };
		3471ED2D2C0CF71900916598 /* ContentView.swift */ = {isa = PBXFileReference; fileEncoding = 4; lastKnownFileType = sourcecode.swift; path = ContentView.swift; sourceTree = "<group>"; };
		3471ED352C0CF71900916598 /* LogView.swift */ = {isa = PBXFileReference; fileEncoding = 4; lastKnownFileType = sourcecode.swift; path = LogView.swift; sourceTree = "<group>"; };
		3471ED362C0CF71900916598 /* ViewLogs.swift */ = {isa = PBXFileReference; fileEncoding = 4; lastKnownFileType = sourcecode.swift; path = ViewLogs.swift; sourceTree = "<group>"; };
		3471ED382C0CF71900916598 /* MetalVideoProcessor.swift */ = {isa = PBXFileReference; fileEncoding = 4; lastKnownFileType = sourcecode.swift; path = MetalVideoProcessor.swift; sourceTree = "<group>"; };
		3471ED392C0CF71900916598 /* sampleVideo.mp4 */ = {isa = PBXFileReference; lastKnownFileType = file; path = sampleVideo.mp4; sourceTree = "<group>"; };
		3471ED3A2C0CF71900916598 /* YOLOv3TinyInt8LUT.mlmodel */ = {isa = PBXFileReference; lastKnownFileType = file.mlmodel; path = YOLOv3TinyInt8LUT.mlmodel; sourceTree = "<group>"; };
		3471ED3C2C0CF71900916598 /* MediaFile.swift */ = {isa = PBXFileReference; fileEncoding = 4; lastKnownFileType = sourcecode.swift; path = MediaFile.swift; sourceTree = "<group>"; };
		3471ED3D2C0CF71900916598 /* CameraView.swift */ = {isa = PBXFileReference; fileEncoding = 4; lastKnownFileType = sourcecode.swift; path = CameraView.swift; sourceTree = "<group>"; };
		3471ED3E2C0CF71900916598 /* SideBar.swift */ = {isa = PBXFileReference; fileEncoding = 4; lastKnownFileType = sourcecode.swift; path = SideBar.swift; sourceTree = "<group>"; };
		3471ED3F2C0CF71900916598 /* yolov5s.mlmodel */ = {isa = PBXFileReference; lastKnownFileType = file.mlmodel; path = yolov5s.mlmodel; sourceTree = "<group>"; };
		348EA80C2C1C0FF800C112C3 /* DetectionStatsView.swift */ = {isa = PBXFileReference; lastKnownFileType = sourcecode.swift; path = DetectionStatsView.swift; sourceTree = "<group>"; };
		348EA80E2C1C189700C112C3 /* ChartView.swift */ = {isa = PBXFileReference; lastKnownFileType = sourcecode.swift; path = ChartView.swift; sourceTree = "<group>"; };
		3494C5452BFDCB8600E70B0F /* VideoPlayerView.swift */ = {isa = PBXFileReference; lastKnownFileType = sourcecode.swift; path = VideoPlayerView.swift; sourceTree = "<group>"; };
		3494C5472BFDCF2F00E70B0F /* ImagePicker.swift */ = {isa = PBXFileReference; lastKnownFileType = sourcecode.swift; path = ImagePicker.swift; sourceTree = "<group>"; };
		3494C5492BFDCF3900E70B0F /* VideoPicker.swift */ = {isa = PBXFileReference; lastKnownFileType = sourcecode.swift; path = VideoPicker.swift; sourceTree = "<group>"; };
		3494C54B2BFDCF9000E70B0F /* MLDetection.swift */ = {isa = PBXFileReference; lastKnownFileType = sourcecode.swift; path = MLDetection.swift; sourceTree = "<group>"; };
		3494C54D2BFDD1B300E70B0F /* MLcopycontrol25k.mlmodel */ = {isa = PBXFileReference; lastKnownFileType = file.mlmodel; path = MLcopycontrol25k.mlmodel; sourceTree = "<group>"; };
		349771482BFEF01500533EEA /* Extensions.swift */ = {isa = PBXFileReference; lastKnownFileType = sourcecode.swift; path = Extensions.swift; sourceTree = "<group>"; };
		3497714A2BFEF1DB00533EEA /* FilterControlsOverlay.swift */ = {isa = PBXFileReference; lastKnownFileType = sourcecode.swift; path = FilterControlsOverlay.swift; sourceTree = "<group>"; };
		3497714E2BFEF1F800533EEA /* HistogramView.swift */ = {isa = PBXFileReference; lastKnownFileType = sourcecode.swift; path = HistogramView.swift; sourceTree = "<group>"; };
		349771502BFEF4AB00533EEA /* OverlayWindow.swift */ = {isa = PBXFileReference; lastKnownFileType = sourcecode.swift; name = OverlayWindow.swift; path = FilmForensics/OverlayWindow.swift; sourceTree = "<group>"; };
		349ECA452C1B503500C29D1B /* IO_cashtrack.mlpackage */ = {isa = PBXFileReference; lastKnownFileType = folder.mlpackage; path = IO_cashtrack.mlpackage; sourceTree = "<group>"; };
		349ECA472C1B510F00C29D1B /* GalleryModel.swift */ = {isa = PBXFileReference; lastKnownFileType = sourcecode.swift; path = GalleryModel.swift; sourceTree = "<group>"; };
		349ECA492C1B6B9200C29D1B /* DetectionStats.swift */ = {isa = PBXFileReference; lastKnownFileType = sourcecode.swift; path = DetectionStats.swift; sourceTree = "<group>"; };
		349ECA4B2C1BC82C00C29D1B /* VideoViewContainer.swift */ = {isa = PBXFileReference; lastKnownFileType = sourcecode.swift; path = VideoViewContainer.swift; sourceTree = "<group>"; };
		34A99DB22BFC2A88004685AC /* FilmForensics.app */ = {isa = PBXFileReference; explicitFileType = wrapper.application; includeInIndex = 0; path = FilmForensics.app; sourceTree = BUILT_PRODUCTS_DIR; };
		34A99DB52BFC2A88004685AC /* FilmForensicsApp.swift */ = {isa = PBXFileReference; lastKnownFileType = sourcecode.swift; path = FilmForensicsApp.swift; sourceTree = "<group>"; };
		34A99DB72BFC2A88004685AC /* ContentView.swift */ = {isa = PBXFileReference; lastKnownFileType = sourcecode.swift; path = ContentView.swift; sourceTree = "<group>"; };
		34A99DB92BFC2A89004685AC /* Assets.xcassets */ = {isa = PBXFileReference; lastKnownFileType = folder.assetcatalog; path = Assets.xcassets; sourceTree = "<group>"; };
		34A99DBC2BFC2A89004685AC /* Preview Assets.xcassets */ = {isa = PBXFileReference; lastKnownFileType = folder.assetcatalog; path = "Preview Assets.xcassets"; sourceTree = "<group>"; };
		34A99DC32BFC2ABF004685AC /* VIdeoPlayerViewModel.swift */ = {isa = PBXFileReference; lastKnownFileType = sourcecode.swift; path = VIdeoPlayerViewModel.swift; sourceTree = "<group>"; };
		34A99DC52BFC2DBC004685AC /* FilmForensics.entitlements */ = {isa = PBXFileReference; lastKnownFileType = text.plist.entitlements; path = FilmForensics.entitlements; sourceTree = "<group>"; };
		34AA94B12C19394500CEFB75 /* Coordinator.swift */ = {isa = PBXFileReference; lastKnownFileType = sourcecode.swift; path = Coordinator.swift; sourceTree = "<group>"; };
		34AA94B32C1951D300CEFB75 /* GalleryView.swift */ = {isa = PBXFileReference; lastKnownFileType = sourcecode.swift; path = GalleryView.swift; sourceTree = "<group>"; };
		34B83A142C0CFCB500A0E4BD /* MachineSystemSecurity.entitlements */ = {isa = PBXFileReference; lastKnownFileType = text.plist.entitlements; path = MachineSystemSecurity.entitlements; sourceTree = "<group>"; };
		34B83A152C0D002000A0E4BD /* yolov8x2AAA.mlpackage */ = {isa = PBXFileReference; lastKnownFileType = folder.mlpackage; path = yolov8x2AAA.mlpackage; sourceTree = "<group>"; };
		34B83A202C0E32E900A0E4BD /* matrix.mov */ = {isa = PBXFileReference; lastKnownFileType = video.quicktime; path = matrix.mov; sourceTree = "<group>"; };
		34C825A12C0F98E70006E453 /* CoreMLProcessor.swift */ = {isa = PBXFileReference; lastKnownFileType = sourcecode.swift; path = CoreMLProcessor.swift; sourceTree = "<group>"; };
		34C825A32C0F9A070006E453 /* CoreMLProcessView.swift */ = {isa = PBXFileReference; lastKnownFileType = sourcecode.swift; path = CoreMLProcessView.swift; sourceTree = "<group>"; };
		34C825A72C0FA4970006E453 /* SyntaxHighlightingTextView.swift */ = {isa = PBXFileReference; fileEncoding = 4; lastKnownFileType = sourcecode.swift; path = SyntaxHighlightingTextView.swift; sourceTree = "<group>"; };
		34C825AB2C0FA5150006E453 /* BoundingBoxView.swift */ = {isa = PBXFileReference; fileEncoding = 4; lastKnownFileType = sourcecode.swift; path = BoundingBoxView.swift; sourceTree = "<group>"; };
		34C825AD2C0FAF0E0006E453 /* ccontrol4.mlmodel */ = {isa = PBXFileReference; lastKnownFileType = file.mlmodel; path = ccontrol4.mlmodel; sourceTree = "<group>"; };
		34C825AE2C0FAF0E0006E453 /* cctrack23090.mlmodel */ = {isa = PBXFileReference; lastKnownFileType = file.mlmodel; path = cctrack23090.mlmodel; sourceTree = "<group>"; };
		34C825AF2C0FAF0E0006E453 /* ccashier3.mlmodel */ = {isa = PBXFileReference; lastKnownFileType = file.mlmodel; path = ccashier3.mlmodel; sourceTree = "<group>"; };
		34C825B32C102B7D0006E453 /* LogView.swift */ = {isa = PBXFileReference; lastKnownFileType = sourcecode.swift; path = LogView.swift; sourceTree = "<group>"; };
		34C825B52C115DA00006E453 /* SettingsView.swift */ = {isa = PBXFileReference; lastKnownFileType = sourcecode.swift; path = SettingsView.swift; sourceTree = "<group>"; };
		34E11DD02C0CA68200A7B857 /* MachineSystemSecurity.app */ = {isa = PBXFileReference; explicitFileType = wrapper.application; includeInIndex = 0; path = MachineSystemSecurity.app; sourceTree = BUILT_PRODUCTS_DIR; };
		34E11DD62C0CA68200A7B857 /* Assets.xcassets */ = {isa = PBXFileReference; lastKnownFileType = folder.assetcatalog; path = Assets.xcassets; sourceTree = "<group>"; };
		34E11DDA2C0CA68200A7B857 /* Preview Assets.xcassets */ = {isa = PBXFileReference; lastKnownFileType = folder.assetcatalog; path = "Preview Assets.xcassets"; sourceTree = "<group>"; };
		34E4C05B2C0BA623007D3A05 /* FilterControlsView.swift */ = {isa = PBXFileReference; lastKnownFileType = sourcecode.swift; path = FilterControlsView.swift; sourceTree = "<group>"; };
		34E4C05D2C0BBAB5007D3A05 /* ImageViewerModel.swift */ = {isa = PBXFileReference; lastKnownFileType = sourcecode.swift; path = ImageViewerModel.swift; sourceTree = "<group>"; };
		34E4C05F2C0BBEE5007D3A05 /* FiltersImageControlsView.swift */ = {isa = PBXFileReference; lastKnownFileType = sourcecode.swift; path = FiltersImageControlsView.swift; sourceTree = "<group>"; };
/* End PBXFileReference section */

/* Begin PBXFrameworksBuildPhase section */
		342D0CFA2C1D52D500ECDA36 /* Frameworks */ = {
			isa = PBXFrameworksBuildPhase;
			buildActionMask = 2147483647;
			files = (
			);
			runOnlyForDeploymentPostprocessing = 0;
		};
		344D22DC2C0EF86100C6966E /* Frameworks */ = {
			isa = PBXFrameworksBuildPhase;
			buildActionMask = 2147483647;
			files = (
			);
			runOnlyForDeploymentPostprocessing = 0;
		};
		34A99DAF2BFC2A88004685AC /* Frameworks */ = {
			isa = PBXFrameworksBuildPhase;
			buildActionMask = 2147483647;
			files = (
			);
			runOnlyForDeploymentPostprocessing = 0;
		};
		34E11DCD2C0CA68200A7B857 /* Frameworks */ = {
			isa = PBXFrameworksBuildPhase;
			buildActionMask = 2147483647;
			files = (
			);
			runOnlyForDeploymentPostprocessing = 0;
		};
/* End PBXFrameworksBuildPhase section */

/* Begin PBXGroup section */
		341AD8B42BFFA3B000BF3CE3 /* MLmodelImage */ = {
			isa = PBXGroup;
			children = (
				342D0CE92C1D3C7700ECDA36 /* Photo on 14-6-24 at 21.14.jpg */,
				342D0CE12C1D3C5000ECDA36 /* cashcashier32_2000.mlmodel */,
				342D0CE22C1D3C5000ECDA36 /* cashcashier321it14588.mlmodel */,
				342D0CE32C1D3C5000ECDA36 /* cashtrack416.mlmodel */,
				342D0CE42C1D3C5000ECDA36 /* cashtrack704x416.mlmodel */,
				341AD8B52BFFA3D900BF3CE3 /* MPRNetDebluring.mlmodel */,
				341AD8B92BFFA61300BF3CE3 /* realesrgan512.mlmodel */,
				341AD8BD2BFFA61300BF3CE3 /* Fast-SRGAN.mlmodel */,
				341AD8BA2BFFA61300BF3CE3 /* SRGAN.mlmodel */,
				341AD8BC2BFFA61300BF3CE3 /* SRResNet.mlmodel */,
				341AD8B72BFFA5EB00BF3CE3 /* bsrgan.mlmodel */,
			);
			path = MLmodelImage;
			sourceTree = "<group>";
		};
		342D0CFE2C1D52D500ECDA36 /* ToolML */ = {
			isa = PBXGroup;
			children = (
				342D0CFF2C1D52D500ECDA36 /* ToolMLApp.swift */,
				342D0D012C1D52D500ECDA36 /* ContentView.swift */,
				342D0D032C1D52D600ECDA36 /* Assets.xcassets */,
				342D0D082C1D52D600ECDA36 /* ToolML.entitlements */,
				342D0D052C1D52D600ECDA36 /* Preview Content */,
			);
			path = ToolML;
			sourceTree = "<group>";
		};
		342D0D052C1D52D600ECDA36 /* Preview Content */ = {
			isa = PBXGroup;
			children = (
				342D0D062C1D52D600ECDA36 /* Preview Assets.xcassets */,
			);
			path = "Preview Content";
			sourceTree = "<group>";
		};
		344D22E02C0EF86100C6966E /* V */ = {
			isa = PBXGroup;
			children = (
				34C825AB2C0FA5150006E453 /* BoundingBoxView.swift */,
				344D22E32C0EF86100C6966E /* ContentView.swift */,
				34AA94B12C19394500CEFB75 /* Coordinator.swift */,
				34C825A12C0F98E70006E453 /* CoreMLProcessor.swift */,
				348EA80E2C1C189700C112C3 /* ChartView.swift */,
				34C825A32C0F9A070006E453 /* CoreMLProcessView.swift */,
				349ECA492C1B6B9200C29D1B /* DetectionStats.swift */,
				348EA80C2C1C0FF800C112C3 /* DetectionStatsView.swift */,
				349ECA472C1B510F00C29D1B /* GalleryModel.swift */,
				34AA94B32C1951D300CEFB75 /* GalleryView.swift */,
				34C825B32C102B7D0006E453 /* LogView.swift */,
				344D22F52C0F046900C6966E /* MetalProcessor.swift */,
				34C825B52C115DA00006E453 /* SettingsView.swift */,
				34C825A72C0FA4970006E453 /* SyntaxHighlightingTextView.swift */,
				344D22E12C0EF86100C6966E /* VApp.swift */,
				344D22FA2C0F172B00C6966E /* VideoView.swift */,
				349ECA4B2C1BC82C00C29D1B /* VideoViewContainer.swift */,
				344D22EA2C0EF86200C6966E /* V.entitlements */,
				3471ED062C0CF71800916598 /* detFX.m4a */,
				34C825AF2C0FAF0E0006E453 /* ccashier3.mlmodel */,
				34C825AD2C0FAF0E0006E453 /* ccontrol4.mlmodel */,
				34C825AE2C0FAF0E0006E453 /* cctrack23090.mlmodel */,
				349ECA452C1B503500C29D1B /* IO_cashtrack.mlpackage */,
				342D0CF22C1D3D7A00ECDA36 /* best.mlpackage */,
				342D0CF32C1D3D7A00ECDA36 /* epoch59.mlpackage */,
				342D0CF12C1D3D7A00ECDA36 /* epoch70.mlpackage */,
				342D0CF42C1D3D7A00ECDA36 /* lastE8.mlpackage */,
				344D22FC2C0F17E200C6966E /* matrix.mov */,
				344D22E52C0EF86200C6966E /* Assets.xcassets */,
				344D22E72C0EF86200C6966E /* Preview Content */,
			);
			path = V;
			sourceTree = "<group>";
		};
		344D22E72C0EF86200C6966E /* Preview Content */ = {
			isa = PBXGroup;
			children = (
				344D22E82C0EF86200C6966E /* Preview Assets.xcassets */,
			);
			path = "Preview Content";
			sourceTree = "<group>";
		};
		344D22F32C0EFD4200C6966E /* Frameworks */ = {
			isa = PBXGroup;
			children = (
			);
			name = Frameworks;
			sourceTree = "<group>";
		};
		3471ED142C0CF71800916598 /* MLModelCamera */ = {
			isa = PBXGroup;
			children = (
				3471ED0B2C0CF71800916598 /* Assets.xcassets */,
				3471ED0C2C0CF71800916598 /* Info.plist */,
				3471ED0E2C0CF71800916598 /* LaunchScreen.storyboard */,
				3471ED102C0CF71800916598 /* Main.storyboard */,
				3471ED112C0CF71800916598 /* MLModelCamera.entitlements */,
				3471ED122C0CF71800916598 /* ModelDescriptionViewController.swift */,
				3471ED132C0CF71800916598 /* ViewController.swift */,
			);
			path = MLModelCamera;
			sourceTree = "<group>";
		};
		3471ED272C0CF71900916598 /* New Group */ = {
			isa = PBXGroup;
			children = (
				3471ED262C0CF71900916598 /* yolov9c.mlpackage */,
			);
			path = "New Group";
			sourceTree = "<group>";
		};
		3471ED3B2C0CF71900916598 /* models */ = {
			isa = PBXGroup;
			children = (
				3471ED392C0CF71900916598 /* sampleVideo.mp4 */,
				3471ED3A2C0CF71900916598 /* YOLOv3TinyInt8LUT.mlmodel */,
			);
			path = models;
			sourceTree = "<group>";
		};
		34A99DA92BFC2A88004685AC = {
			isa = PBXGroup;
			children = (
				342D0CFE2C1D52D500ECDA36 /* ToolML */,
				344D22E02C0EF86100C6966E /* V */,
				34A99DB42BFC2A88004685AC /* FilmForensics */,
				341AD8B42BFFA3B000BF3CE3 /* MLmodelImage */,
				349771502BFEF4AB00533EEA /* OverlayWindow.swift */,
				34E11DD12C0CA68200A7B857 /* MachineSystemSecurity */,
				34A99DB32BFC2A88004685AC /* Products */,
				344D22F32C0EFD4200C6966E /* Frameworks */,
			);
			sourceTree = "<group>";
		};
		34A99DB32BFC2A88004685AC /* Products */ = {
			isa = PBXGroup;
			children = (
				34A99DB22BFC2A88004685AC /* FilmForensics.app */,
				34E11DD02C0CA68200A7B857 /* MachineSystemSecurity.app */,
				344D22DF2C0EF86100C6966E /* V.app */,
				342D0CFD2C1D52D500ECDA36 /* ToolML.app */,
			);
			name = Products;
			sourceTree = "<group>";
		};
		34A99DB42BFC2A88004685AC /* FilmForensics */ = {
			isa = PBXGroup;
			children = (
				34A99DB72BFC2A88004685AC /* ContentView.swift */,
				3497714A2BFEF1DB00533EEA /* FilterControlsOverlay.swift */,
				3497714E2BFEF1F800533EEA /* HistogramView.swift */,
				349771482BFEF01500533EEA /* Extensions.swift */,
				34A99DC52BFC2DBC004685AC /* FilmForensics.entitlements */,
				34A99DB52BFC2A88004685AC /* FilmForensicsApp.swift */,
				34E4C05B2C0BA623007D3A05 /* FilterControlsView.swift */,
				34E4C05F2C0BBEE5007D3A05 /* FiltersImageControlsView.swift */,
				34A99DC32BFC2ABF004685AC /* VIdeoPlayerViewModel.swift */,
				34E4C05D2C0BBAB5007D3A05 /* ImageViewerModel.swift */,
				3494C5452BFDCB8600E70B0F /* VideoPlayerView.swift */,
				3494C5472BFDCF2F00E70B0F /* ImagePicker.swift */,
				3494C54B2BFDCF9000E70B0F /* MLDetection.swift */,
				3494C5492BFDCF3900E70B0F /* VideoPicker.swift */,
				34A99DB92BFC2A89004685AC /* Assets.xcassets */,
				3494C54D2BFDD1B300E70B0F /* MLcopycontrol25k.mlmodel */,
				34A99DBB2BFC2A89004685AC /* Preview Content */,
			);
			path = FilmForensics;
			sourceTree = "<group>";
		};
		34A99DBB2BFC2A89004685AC /* Preview Content */ = {
			isa = PBXGroup;
			children = (
				34A99DBC2BFC2A89004685AC /* Preview Assets.xcassets */,
			);
			path = "Preview Content";
			sourceTree = "<group>";
		};
		34E11DD12C0CA68200A7B857 /* MachineSystemSecurity */ = {
			isa = PBXGroup;
			children = (
				34B83A202C0E32E900A0E4BD /* matrix.mov */,
				34B83A152C0D002000A0E4BD /* yolov8x2AAA.mlpackage */,
				34B83A142C0CFCB500A0E4BD /* MachineSystemSecurity.entitlements */,
				3471ED352C0CF71900916598 /* LogView.swift */,
				3471ED1C2C0CF71800916598 /* AnnotatedImage.swift */,
				3471ED2B2C0CF71900916598 /* BoundingBoxView.swift */,
				3471ED3D2C0CF71900916598 /* CameraView.swift */,
				3471ED2A2C0CF71900916598 /* CameraViewController.swift */,
				3471ED2D2C0CF71900916598 /* ContentView.swift */,
				3471ED152C0CF71800916598 /* CoreMLView.swift */,
				3471ED282C0CF71900916598 /* GalleryView.swift */,
				3471ED212C0CF71800916598 /* GalleryViewModel.swift */,
				3471ED072C0CF71800916598 /* ImageViewer.swift */,
				3471ED172C0CF71800916598 /* MachineSystemSecurityApp.swift */,
				3471ED3C2C0CF71900916598 /* MediaFile.swift */,
				3471ED382C0CF71900916598 /* MetalVideoProcessor.swift */,
				3471ED142C0CF71800916598 /* MLModelCamera */,
				3471ED3B2C0CF71900916598 /* models */,
				3471ED272C0CF71900916598 /* New Group */,
				3471ED1D2C0CF71800916598 /* SettingsView.swift */,
				3471ED3E2C0CF71900916598 /* SideBar.swift */,
				3471ED1E2C0CF71800916598 /* SyntaxHighlightingTextView.swift */,
				3471ED082C0CF71800916598 /* VideoPreviewView.swift */,
				3471ED292C0CF71900916598 /* VideoView.swift */,
				3471ED2C2C0CF71900916598 /* VideoViewController.swift */,
				344D22F72C0F04EA00C6966E /* VideoController.swift */,
				3471ED1F2C0CF71800916598 /* VideoViewControllerWrapper.swift */,
				3471ED362C0CF71900916598 /* ViewLogs.swift */,
				3471ED3F2C0CF71900916598 /* yolov5s.mlmodel */,
				34E11DD62C0CA68200A7B857 /* Assets.xcassets */,
				34E11DD92C0CA68200A7B857 /* Preview Content */,
			);
			path = MachineSystemSecurity;
			sourceTree = "<group>";
		};
		34E11DD92C0CA68200A7B857 /* Preview Content */ = {
			isa = PBXGroup;
			children = (
				34E11DDA2C0CA68200A7B857 /* Preview Assets.xcassets */,
			);
			path = "Preview Content";
			sourceTree = "<group>";
		};
/* End PBXGroup section */

/* Begin PBXNativeTarget section */
		342D0CFC2C1D52D500ECDA36 /* ToolML */ = {
			isa = PBXNativeTarget;
			buildConfigurationList = 342D0D092C1D52D600ECDA36 /* Build configuration list for PBXNativeTarget "ToolML" */;
			buildPhases = (
				342D0CF92C1D52D500ECDA36 /* Sources */,
				342D0CFA2C1D52D500ECDA36 /* Frameworks */,
				342D0CFB2C1D52D500ECDA36 /* Resources */,
			);
			buildRules = (
			);
			dependencies = (
			);
			name = ToolML;
			productName = ToolML;
			productReference = 342D0CFD2C1D52D500ECDA36 /* ToolML.app */;
			productType = "com.apple.product-type.application";
		};
		344D22DE2C0EF86100C6966E /* V */ = {
			isa = PBXNativeTarget;
			buildConfigurationList = 344D22ED2C0EF86200C6966E /* Build configuration list for PBXNativeTarget "V" */;
			buildPhases = (
				344D22DB2C0EF86100C6966E /* Sources */,
				344D22DC2C0EF86100C6966E /* Frameworks */,
				344D22DD2C0EF86100C6966E /* Resources */,
			);
			buildRules = (
			);
			dependencies = (
			);
			name = V;
			productName = V;
			productReference = 344D22DF2C0EF86100C6966E /* V.app */;
			productType = "com.apple.product-type.application";
		};
		34A99DB12BFC2A88004685AC /* FilmForensics */ = {
			isa = PBXNativeTarget;
			buildConfigurationList = 34A99DC02BFC2A89004685AC /* Build configuration list for PBXNativeTarget "FilmForensics" */;
			buildPhases = (
				34A99DAE2BFC2A88004685AC /* Sources */,
				34A99DAF2BFC2A88004685AC /* Frameworks */,
				34A99DB02BFC2A88004685AC /* Resources */,
			);
			buildRules = (
			);
			dependencies = (
			);
			name = FilmForensics;
			productName = FilmForensics;
			productReference = 34A99DB22BFC2A88004685AC /* FilmForensics.app */;
			productType = "com.apple.product-type.application";
		};
		34E11DCF2C0CA68200A7B857 /* MachineSystemSecurity */ = {
			isa = PBXNativeTarget;
			buildConfigurationList = 34E11DDC2C0CA68200A7B857 /* Build configuration list for PBXNativeTarget "MachineSystemSecurity" */;
			buildPhases = (
				34E11DCC2C0CA68200A7B857 /* Sources */,
				34E11DCD2C0CA68200A7B857 /* Frameworks */,
				34E11DCE2C0CA68200A7B857 /* Resources */,
			);
			buildRules = (
			);
			dependencies = (
			);
			name = MachineSystemSecurity;
			productName = MachineSystemSecurity;
			productReference = 34E11DD02C0CA68200A7B857 /* MachineSystemSecurity.app */;
			productType = "com.apple.product-type.application";
		};
/* End PBXNativeTarget section */

/* Begin PBXProject section */
		34A99DAA2BFC2A88004685AC /* Project object */ = {
			isa = PBXProject;
			attributes = {
				BuildIndependentTargetsInParallel = 1;
				LastSwiftUpdateCheck = 1530;
				LastUpgradeCheck = 1530;
				TargetAttributes = {
					342D0CFC2C1D52D500ECDA36 = {
						CreatedOnToolsVersion = 15.3;
					};
					344D22DE2C0EF86100C6966E = {
						CreatedOnToolsVersion = 15.3;
					};
					34A99DB12BFC2A88004685AC = {
						CreatedOnToolsVersion = 15.3;
					};
					34E11DCF2C0CA68200A7B857 = {
						CreatedOnToolsVersion = 15.3;
					};
				};
			};
			buildConfigurationList = 34A99DAD2BFC2A88004685AC /* Build configuration list for PBXProject "FilmForensics" */;
			compatibilityVersion = "Xcode 14.0";
			developmentRegion = en;
			hasScannedForEncodings = 0;
			knownRegions = (
				en,
				Base,
			);
			mainGroup = 34A99DA92BFC2A88004685AC;
			productRefGroup = 34A99DB32BFC2A88004685AC /* Products */;
			projectDirPath = "";
			projectRoot = "";
			targets = (
				34A99DB12BFC2A88004685AC /* FilmForensics */,
				34E11DCF2C0CA68200A7B857 /* MachineSystemSecurity */,
				344D22DE2C0EF86100C6966E /* V */,
				342D0CFC2C1D52D500ECDA36 /* ToolML */,
			);
		};
/* End PBXProject section */

/* Begin PBXResourcesBuildPhase section */
		342D0CFB2C1D52D500ECDA36 /* Resources */ = {
			isa = PBXResourcesBuildPhase;
			buildActionMask = 2147483647;
			files = (
				342D0D072C1D52D600ECDA36 /* Preview Assets.xcassets in Resources */,
				342D0D042C1D52D600ECDA36 /* Assets.xcassets in Resources */,
			);
			runOnlyForDeploymentPostprocessing = 0;
		};
		344D22DD2C0EF86100C6966E /* Resources */ = {
			isa = PBXResourcesBuildPhase;
			buildActionMask = 2147483647;
			files = (
				349ECA4D2C1BCFBF00C29D1B /* detFX.m4a in Resources */,
				344D22E92C0EF86200C6966E /* Preview Assets.xcassets in Resources */,
				344D22E62C0EF86200C6966E /* Assets.xcassets in Resources */,
				344D22FD2C0F17E700C6966E /* matrix.mov in Resources */,
			);
			runOnlyForDeploymentPostprocessing = 0;
		};
		34A99DB02BFC2A88004685AC /* Resources */ = {
			isa = PBXResourcesBuildPhase;
			buildActionMask = 2147483647;
			files = (
				342D0CEA2C1D3C7700ECDA36 /* Photo on 14-6-24 at 21.14.jpg in Resources */,
				34A99DBD2BFC2A89004685AC /* Preview Assets.xcassets in Resources */,
				34A99DBA2BFC2A89004685AC /* Assets.xcassets in Resources */,
			);
			runOnlyForDeploymentPostprocessing = 0;
		};
		34E11DCE2C0CA68200A7B857 /* Resources */ = {
			isa = PBXResourcesBuildPhase;
			buildActionMask = 2147483647;
			files = (
				3471ED482C0CF71900916598 /* Main.storyboard in Resources */,
				34E11DDB2C0CA68200A7B857 /* Preview Assets.xcassets in Resources */,
				3471ED402C0CF71900916598 /* detFX.m4a in Resources */,
				3471ED452C0CF71900916598 /* Assets.xcassets in Resources */,
				3471ED472C0CF71900916598 /* LaunchScreen.storyboard in Resources */,
				3471ED6B2C0CF71900916598 /* sampleVideo.mp4 in Resources */,
				34B83A212C0E32E900A0E4BD /* matrix.mov in Resources */,
				3471ED462C0CF71900916598 /* Info.plist in Resources */,
				34E11DD72C0CA68200A7B857 /* Assets.xcassets in Resources */,
			);
			runOnlyForDeploymentPostprocessing = 0;
		};
/* End PBXResourcesBuildPhase section */

/* Begin PBXSourcesBuildPhase section */
		342D0CF92C1D52D500ECDA36 /* Sources */ = {
			isa = PBXSourcesBuildPhase;
			buildActionMask = 2147483647;
			files = (
				342D0D022C1D52D500ECDA36 /* ContentView.swift in Sources */,
				342D0D002C1D52D500ECDA36 /* ToolMLApp.swift in Sources */,
				342D0D0D2C1D554900ECDA36 /* ccashier3.mlmodel in Sources */,
				342D0D0C2C1D52F400ECDA36 /* best.mlpackage in Sources */,
				342D0D0E2C1D554D00ECDA36 /* IO_cashtrack.mlpackage in Sources */,
			);
			runOnlyForDeploymentPostprocessing = 0;
		};
		344D22DB2C0EF86100C6966E /* Sources */ = {
			isa = PBXSourcesBuildPhase;
			buildActionMask = 2147483647;
			files = (
				34AA94B22C19394500CEFB75 /* Coordinator.swift in Sources */,
				348EA80D2C1C0FF800C112C3 /* DetectionStatsView.swift in Sources */,
				349ECA482C1B510F00C29D1B /* GalleryModel.swift in Sources */,
				344D22F62C0F046900C6966E /* MetalProcessor.swift in Sources */,
				349ECA4C2C1BC82C00C29D1B /* VideoViewContainer.swift in Sources */,
				34C825A42C0F9A070006E453 /* CoreMLProcessView.swift in Sources */,
				349ECA462C1B503500C29D1B /* IO_cashtrack.mlpackage in Sources */,
				34C825AC2C0FA5150006E453 /* BoundingBoxView.swift in Sources */,
				34C825B12C0FAF0E0006E453 /* cctrack23090.mlmodel in Sources */,
				34C825B22C0FAF0E0006E453 /* ccashier3.mlmodel in Sources */,
				34C825B62C115DA00006E453 /* SettingsView.swift in Sources */,
				34C825B42C102B7D0006E453 /* LogView.swift in Sources */,
				344D22E42C0EF86100C6966E /* ContentView.swift in Sources */,
				344D22F22C0EF9F100C6966E /* MLcopycontrol25k.mlmodel in Sources */,
				344D22FB2C0F172B00C6966E /* VideoView.swift in Sources */,
				34C825A22C0F98E70006E453 /* CoreMLProcessor.swift in Sources */,
				344D22E22C0EF86100C6966E /* VApp.swift in Sources */,
				34C825B02C0FAF0E0006E453 /* ccontrol4.mlmodel in Sources */,
				34C825A82C0FA4970006E453 /* SyntaxHighlightingTextView.swift in Sources */,
				349ECA4A2C1B6B9200C29D1B /* DetectionStats.swift in Sources */,
				34AA94B42C1951D300CEFB75 /* GalleryView.swift in Sources */,
				348EA80F2C1C189700C112C3 /* ChartView.swift in Sources */,
			);
			runOnlyForDeploymentPostprocessing = 0;
		};
		34A99DAE2BFC2A88004685AC /* Sources */ = {
			isa = PBXSourcesBuildPhase;
			buildActionMask = 2147483647;
			files = (
				342D0CE52C1D3C5000ECDA36 /* cashcashier32_2000.mlmodel in Sources */,
				3497714F2BFEF1F800533EEA /* HistogramView.swift in Sources */,
				34E4C0602C0BBEE5007D3A05 /* FiltersImageControlsView.swift in Sources */,
				34E4C05E2C0BBAB5007D3A05 /* ImageViewerModel.swift in Sources */,
				3494C54E2BFDD1B300E70B0F /* MLcopycontrol25k.mlmodel in Sources */,
				3494C54C2BFDCF9000E70B0F /* MLDetection.swift in Sources */,
				34A99DC42BFC2ABF004685AC /* VIdeoPlayerViewModel.swift in Sources */,
				342D0CE62C1D3C5000ECDA36 /* cashcashier321it14588.mlmodel in Sources */,
				349771512BFEF4AB00533EEA /* OverlayWindow.swift in Sources */,
				34A99DB82BFC2A88004685AC /* ContentView.swift in Sources */,
				3494C5482BFDCF2F00E70B0F /* ImagePicker.swift in Sources */,
				3494C54A2BFDCF3900E70B0F /* VideoPicker.swift in Sources */,
				342D0CE72C1D3C5000ECDA36 /* cashtrack416.mlmodel in Sources */,
				342D0CE82C1D3C5000ECDA36 /* cashtrack704x416.mlmodel in Sources */,
				342D0CF82C1D3D7A00ECDA36 /* lastE8.mlpackage in Sources */,
				342D0CF52C1D3D7A00ECDA36 /* epoch70.mlpackage in Sources */,
				34A99DB62BFC2A88004685AC /* FilmForensicsApp.swift in Sources */,
				34E4C05C2C0BA623007D3A05 /* FilterControlsView.swift in Sources */,
				342D0CF62C1D3D7A00ECDA36 /* best.mlpackage in Sources */,
				349771492BFEF01500533EEA /* Extensions.swift in Sources */,
				3497714B2BFEF1DB00533EEA /* FilterControlsOverlay.swift in Sources */,
				3494C5462BFDCB8600E70B0F /* VideoPlayerView.swift in Sources */,
				342D0CF72C1D3D7A00ECDA36 /* epoch59.mlpackage in Sources */,
			);
			runOnlyForDeploymentPostprocessing = 0;
		};
		34E11DCC2C0CA68200A7B857 /* Sources */ = {
			isa = PBXSourcesBuildPhase;
			buildActionMask = 2147483647;
			files = (
				3471ED412C0CF71900916598 /* ImageViewer.swift in Sources */,
				3471ED6C2C0CF71900916598 /* YOLOv3TinyInt8LUT.mlmodel in Sources */,
				3471ED4D2C0CF71900916598 /* MachineSystemSecurityApp.swift in Sources */,
				3471ED422C0CF71900916598 /* VideoPreviewView.swift in Sources */,
				3471ED6F2C0CF71900916598 /* SideBar.swift in Sources */,
				3471ED532C0CF71900916598 /* VideoViewControllerWrapper.swift in Sources */,
				3471ED5B2C0CF71900916598 /* GalleryView.swift in Sources */,
				3471ED492C0CF71900916598 /* ModelDescriptionViewController.swift in Sources */,
				3471ED552C0CF71900916598 /* GalleryViewModel.swift in Sources */,
				3471ED522C0CF71900916598 /* SyntaxHighlightingTextView.swift in Sources */,
				3471ED6E2C0CF71900916598 /* CameraView.swift in Sources */,
				3471ED512C0CF71900916598 /* SettingsView.swift in Sources */,
				342A34512C157A3200F1995E /* SRGAN.mlmodel in Sources */,
				342A34522C157A3200F1995E /* SRResNet.mlmodel in Sources */,
				342A34532C157A3200F1995E /* bsrgan.mlmodel in Sources */,
				3471ED5E2C0CF71900916598 /* BoundingBoxView.swift in Sources */,
				3471ED5D2C0CF71900916598 /* CameraViewController.swift in Sources */,
				3471ED4A2C0CF71900916598 /* ViewController.swift in Sources */,
				3471ED672C0CF71900916598 /* LogView.swift in Sources */,
				3471ED4B2C0CF71900916598 /* CoreMLView.swift in Sources */,
				34B83A162C0D002000A0E4BD /* yolov8x2AAA.mlpackage in Sources */,
				3471ED6D2C0CF71900916598 /* MediaFile.swift in Sources */,
				3471ED702C0CF71900916598 /* yolov5s.mlmodel in Sources */,
				3471ED682C0CF71900916598 /* ViewLogs.swift in Sources */,
				3471ED6A2C0CF71900916598 /* MetalVideoProcessor.swift in Sources */,
				3471ED5F2C0CF71900916598 /* VideoViewController.swift in Sources */,
				3471ED5C2C0CF71900916598 /* VideoView.swift in Sources */,
				3471ED602C0CF71900916598 /* ContentView.swift in Sources */,
				3471ED502C0CF71900916598 /* AnnotatedImage.swift in Sources */,
			);
			runOnlyForDeploymentPostprocessing = 0;
		};
/* End PBXSourcesBuildPhase section */

/* Begin PBXVariantGroup section */
		3471ED0E2C0CF71800916598 /* LaunchScreen.storyboard */ = {
			isa = PBXVariantGroup;
			children = (
				3471ED0D2C0CF71800916598 /* Base */,
			);
			name = LaunchScreen.storyboard;
			sourceTree = "<group>";
		};
		3471ED102C0CF71800916598 /* Main.storyboard */ = {
			isa = PBXVariantGroup;
			children = (
				3471ED0F2C0CF71800916598 /* Base */,
			);
			name = Main.storyboard;
			sourceTree = "<group>";
		};
/* End PBXVariantGroup section */

/* Begin XCBuildConfiguration section */
		342D0D0A2C1D52D600ECDA36 /* Debug */ = {
			isa = XCBuildConfiguration;
			buildSettings = {
				ASSETCATALOG_COMPILER_APPICON_NAME = AppIcon;
				ASSETCATALOG_COMPILER_GLOBAL_ACCENT_COLOR_NAME = AccentColor;
				CODE_SIGN_ENTITLEMENTS = ToolML/ToolML.entitlements;
				CODE_SIGN_STYLE = Automatic;
				COMBINE_HIDPI_IMAGES = YES;
				CURRENT_PROJECT_VERSION = 1;
				DEVELOPMENT_ASSET_PATHS = "\"ToolML/Preview Content\"";
				DEVELOPMENT_TEAM = 46WUYUUA8V;
				ENABLE_HARDENED_RUNTIME = YES;
				ENABLE_PREVIEWS = YES;
				GENERATE_INFOPLIST_FILE = YES;
				INFOPLIST_KEY_NSHumanReadableCopyright = "";
				LD_RUNPATH_SEARCH_PATHS = (
					"$(inherited)",
					"@executable_path/../Frameworks",
				);
				MACOSX_DEPLOYMENT_TARGET = 14.4;
				MARKETING_VERSION = 1.0;
				PRODUCT_BUNDLE_IDENTIFIER = com.oil3.ToolML;
				PRODUCT_NAME = "$(TARGET_NAME)";
				SDKROOT = macosx;
				SWIFT_EMIT_LOC_STRINGS = YES;
				SWIFT_VERSION = 5.0;
			};
			name = Debug;
		};
		342D0D0B2C1D52D600ECDA36 /* Release */ = {
			isa = XCBuildConfiguration;
			buildSettings = {
				ASSETCATALOG_COMPILER_APPICON_NAME = AppIcon;
				ASSETCATALOG_COMPILER_GLOBAL_ACCENT_COLOR_NAME = AccentColor;
				CODE_SIGN_ENTITLEMENTS = ToolML/ToolML.entitlements;
				CODE_SIGN_STYLE = Automatic;
				COMBINE_HIDPI_IMAGES = YES;
				CURRENT_PROJECT_VERSION = 1;
				DEVELOPMENT_ASSET_PATHS = "\"ToolML/Preview Content\"";
				DEVELOPMENT_TEAM = 46WUYUUA8V;
				ENABLE_HARDENED_RUNTIME = YES;
				ENABLE_PREVIEWS = YES;
				GENERATE_INFOPLIST_FILE = YES;
				INFOPLIST_KEY_NSHumanReadableCopyright = "";
				LD_RUNPATH_SEARCH_PATHS = (
					"$(inherited)",
					"@executable_path/../Frameworks",
				);
				MACOSX_DEPLOYMENT_TARGET = 14.4;
				MARKETING_VERSION = 1.0;
				PRODUCT_BUNDLE_IDENTIFIER = com.oil3.ToolML;
				PRODUCT_NAME = "$(TARGET_NAME)";
				SDKROOT = macosx;
				SWIFT_EMIT_LOC_STRINGS = YES;
				SWIFT_VERSION = 5.0;
			};
			name = Release;
		};
		344D22EB2C0EF86200C6966E /* Debug */ = {
			isa = XCBuildConfiguration;
			buildSettings = {
				ASSETCATALOG_COMPILER_APPICON_NAME = AppIcon;
				ASSETCATALOG_COMPILER_GLOBAL_ACCENT_COLOR_NAME = AccentColor;
				CODE_SIGN_ENTITLEMENTS = V/V.entitlements;
				CODE_SIGN_STYLE = Automatic;
				COMBINE_HIDPI_IMAGES = YES;
				CURRENT_PROJECT_VERSION = 1;
				DEVELOPMENT_ASSET_PATHS = "\"V/Preview Content\"";
				DEVELOPMENT_TEAM = 46WUYUUA8V;
				ENABLE_HARDENED_RUNTIME = YES;
				ENABLE_PREVIEWS = YES;
				GENERATE_INFOPLIST_FILE = YES;
				INFOPLIST_KEY_NSHumanReadableCopyright = "";
				INFOPLIST_KEY_UISupportedInterfaceOrientations_iPad = UIInterfaceOrientationPortrait;
				IPHONEOS_DEPLOYMENT_TARGET = 17.0;
				LD_RUNPATH_SEARCH_PATHS = (
					"$(inherited)",
					"@executable_path/../Frameworks",
				);
				MACOSX_DEPLOYMENT_TARGET = 14.4;
				MARKETING_VERSION = 1.0;
				PRODUCT_BUNDLE_IDENTIFIER = com.oil3.V;
				PRODUCT_NAME = "$(TARGET_NAME)";
				SDKROOT = macosx;
				SUPPORTED_PLATFORMS = "iphoneos iphonesimulator macosx";
				SUPPORTS_MACCATALYST = NO;
				SWIFT_EMIT_LOC_STRINGS = YES;
				SWIFT_VERSION = 5.0;
				TARGETED_DEVICE_FAMILY = "2,6";
			};
			name = Debug;
		};
		344D22EC2C0EF86200C6966E /* Release */ = {
			isa = XCBuildConfiguration;
			buildSettings = {
				ASSETCATALOG_COMPILER_APPICON_NAME = AppIcon;
				ASSETCATALOG_COMPILER_GLOBAL_ACCENT_COLOR_NAME = AccentColor;
				CODE_SIGN_ENTITLEMENTS = V/V.entitlements;
				CODE_SIGN_STYLE = Automatic;
				COMBINE_HIDPI_IMAGES = YES;
				CURRENT_PROJECT_VERSION = 1;
				DEVELOPMENT_ASSET_PATHS = "\"V/Preview Content\"";
				DEVELOPMENT_TEAM = 46WUYUUA8V;
				ENABLE_HARDENED_RUNTIME = YES;
				ENABLE_PREVIEWS = YES;
				GENERATE_INFOPLIST_FILE = YES;
				INFOPLIST_KEY_NSHumanReadableCopyright = "";
				INFOPLIST_KEY_UISupportedInterfaceOrientations_iPad = UIInterfaceOrientationPortrait;
				IPHONEOS_DEPLOYMENT_TARGET = 17.0;
				LD_RUNPATH_SEARCH_PATHS = (
					"$(inherited)",
					"@executable_path/../Frameworks",
				);
				MACOSX_DEPLOYMENT_TARGET = 14.4;
				MARKETING_VERSION = 1.0;
				PRODUCT_BUNDLE_IDENTIFIER = com.oil3.V;
				PRODUCT_NAME = "$(TARGET_NAME)";
				SDKROOT = macosx;
				SUPPORTED_PLATFORMS = "iphoneos iphonesimulator macosx";
				SUPPORTS_MACCATALYST = NO;
				SWIFT_EMIT_LOC_STRINGS = YES;
				SWIFT_VERSION = 5.0;
				TARGETED_DEVICE_FAMILY = "2,6";
			};
			name = Release;
		};
		34A99DBE2BFC2A89004685AC /* Debug */ = {
			isa = XCBuildConfiguration;
			buildSettings = {
				ALWAYS_SEARCH_USER_PATHS = NO;
				ASSETCATALOG_COMPILER_GENERATE_SWIFT_ASSET_SYMBOL_EXTENSIONS = YES;
				CLANG_ANALYZER_NONNULL = YES;
				CLANG_ANALYZER_NUMBER_OBJECT_CONVERSION = YES_AGGRESSIVE;
				CLANG_CXX_LANGUAGE_STANDARD = "gnu++20";
				CLANG_ENABLE_MODULES = YES;
				CLANG_ENABLE_OBJC_ARC = YES;
				CLANG_ENABLE_OBJC_WEAK = YES;
				CLANG_WARN_BLOCK_CAPTURE_AUTORELEASING = YES;
				CLANG_WARN_BOOL_CONVERSION = YES;
				CLANG_WARN_COMMA = YES;
				CLANG_WARN_CONSTANT_CONVERSION = YES;
				CLANG_WARN_DEPRECATED_OBJC_IMPLEMENTATIONS = YES;
				CLANG_WARN_DIRECT_OBJC_ISA_USAGE = YES_ERROR;
				CLANG_WARN_DOCUMENTATION_COMMENTS = YES;
				CLANG_WARN_EMPTY_BODY = YES;
				CLANG_WARN_ENUM_CONVERSION = YES;
				CLANG_WARN_INFINITE_RECURSION = YES;
				CLANG_WARN_INT_CONVERSION = YES;
				CLANG_WARN_NON_LITERAL_NULL_CONVERSION = YES;
				CLANG_WARN_OBJC_IMPLICIT_RETAIN_SELF = YES;
				CLANG_WARN_OBJC_LITERAL_CONVERSION = YES;
				CLANG_WARN_OBJC_ROOT_CLASS = YES_ERROR;
				CLANG_WARN_QUOTED_INCLUDE_IN_FRAMEWORK_HEADER = YES;
				CLANG_WARN_RANGE_LOOP_ANALYSIS = YES;
				CLANG_WARN_STRICT_PROTOTYPES = YES;
				CLANG_WARN_SUSPICIOUS_MOVE = YES;
				CLANG_WARN_UNGUARDED_AVAILABILITY = YES_AGGRESSIVE;
				CLANG_WARN_UNREACHABLE_CODE = YES;
				CLANG_WARN__DUPLICATE_METHOD_MATCH = YES;
				COPY_PHASE_STRIP = NO;
				DEBUG_INFORMATION_FORMAT = dwarf;
				ENABLE_STRICT_OBJC_MSGSEND = YES;
				ENABLE_TESTABILITY = YES;
				ENABLE_USER_SCRIPT_SANDBOXING = YES;
				GCC_C_LANGUAGE_STANDARD = gnu17;
				GCC_DYNAMIC_NO_PIC = NO;
				GCC_NO_COMMON_BLOCKS = YES;
				GCC_OPTIMIZATION_LEVEL = 0;
				GCC_PREPROCESSOR_DEFINITIONS = (
					"DEBUG=1",
					"$(inherited)",
				);
				GCC_WARN_64_TO_32_BIT_CONVERSION = YES;
				GCC_WARN_ABOUT_RETURN_TYPE = YES_ERROR;
				GCC_WARN_UNDECLARED_SELECTOR = YES;
				GCC_WARN_UNINITIALIZED_AUTOS = YES_AGGRESSIVE;
				GCC_WARN_UNUSED_FUNCTION = YES;
				GCC_WARN_UNUSED_VARIABLE = YES;
				IPHONEOS_DEPLOYMENT_TARGET = 17.0;
				LOCALIZATION_PREFERS_STRING_CATALOGS = YES;
				MTL_ENABLE_DEBUG_INFO = INCLUDE_SOURCE;
				MTL_FAST_MATH = YES;
				ONLY_ACTIVE_ARCH = YES;
				SDKROOT = iphoneos;
				SWIFT_ACTIVE_COMPILATION_CONDITIONS = "DEBUG $(inherited)";
				SWIFT_OPTIMIZATION_LEVEL = "-Onone";
			};
			name = Debug;
		};
		34A99DBF2BFC2A89004685AC /* Release */ = {
			isa = XCBuildConfiguration;
			buildSettings = {
				ALWAYS_SEARCH_USER_PATHS = NO;
				ASSETCATALOG_COMPILER_GENERATE_SWIFT_ASSET_SYMBOL_EXTENSIONS = YES;
				CLANG_ANALYZER_NONNULL = YES;
				CLANG_ANALYZER_NUMBER_OBJECT_CONVERSION = YES_AGGRESSIVE;
				CLANG_CXX_LANGUAGE_STANDARD = "gnu++20";
				CLANG_ENABLE_MODULES = YES;
				CLANG_ENABLE_OBJC_ARC = YES;
				CLANG_ENABLE_OBJC_WEAK = YES;
				CLANG_WARN_BLOCK_CAPTURE_AUTORELEASING = YES;
				CLANG_WARN_BOOL_CONVERSION = YES;
				CLANG_WARN_COMMA = YES;
				CLANG_WARN_CONSTANT_CONVERSION = YES;
				CLANG_WARN_DEPRECATED_OBJC_IMPLEMENTATIONS = YES;
				CLANG_WARN_DIRECT_OBJC_ISA_USAGE = YES_ERROR;
				CLANG_WARN_DOCUMENTATION_COMMENTS = YES;
				CLANG_WARN_EMPTY_BODY = YES;
				CLANG_WARN_ENUM_CONVERSION = YES;
				CLANG_WARN_INFINITE_RECURSION = YES;
				CLANG_WARN_INT_CONVERSION = YES;
				CLANG_WARN_NON_LITERAL_NULL_CONVERSION = YES;
				CLANG_WARN_OBJC_IMPLICIT_RETAIN_SELF = YES;
				CLANG_WARN_OBJC_LITERAL_CONVERSION = YES;
				CLANG_WARN_OBJC_ROOT_CLASS = YES_ERROR;
				CLANG_WARN_QUOTED_INCLUDE_IN_FRAMEWORK_HEADER = YES;
				CLANG_WARN_RANGE_LOOP_ANALYSIS = YES;
				CLANG_WARN_STRICT_PROTOTYPES = YES;
				CLANG_WARN_SUSPICIOUS_MOVE = YES;
				CLANG_WARN_UNGUARDED_AVAILABILITY = YES_AGGRESSIVE;
				CLANG_WARN_UNREACHABLE_CODE = YES;
				CLANG_WARN__DUPLICATE_METHOD_MATCH = YES;
				COPY_PHASE_STRIP = NO;
				DEBUG_INFORMATION_FORMAT = "dwarf-with-dsym";
				ENABLE_NS_ASSERTIONS = NO;
				ENABLE_STRICT_OBJC_MSGSEND = YES;
				ENABLE_USER_SCRIPT_SANDBOXING = YES;
				GCC_C_LANGUAGE_STANDARD = gnu17;
				GCC_NO_COMMON_BLOCKS = YES;
				GCC_WARN_64_TO_32_BIT_CONVERSION = YES;
				GCC_WARN_ABOUT_RETURN_TYPE = YES_ERROR;
				GCC_WARN_UNDECLARED_SELECTOR = YES;
				GCC_WARN_UNINITIALIZED_AUTOS = YES_AGGRESSIVE;
				GCC_WARN_UNUSED_FUNCTION = YES;
				GCC_WARN_UNUSED_VARIABLE = YES;
				IPHONEOS_DEPLOYMENT_TARGET = 17.0;
				LOCALIZATION_PREFERS_STRING_CATALOGS = YES;
				MTL_ENABLE_DEBUG_INFO = NO;
				MTL_FAST_MATH = YES;
				SDKROOT = iphoneos;
				SWIFT_COMPILATION_MODE = wholemodule;
				VALIDATE_PRODUCT = YES;
			};
			name = Release;
		};
		34A99DC12BFC2A89004685AC /* Debug */ = {
			isa = XCBuildConfiguration;
			buildSettings = {
				ASSETCATALOG_COMPILER_APPICON_NAME = AppIcon;
				ASSETCATALOG_COMPILER_GLOBAL_ACCENT_COLOR_NAME = AccentColor;
				CODE_SIGN_ENTITLEMENTS = FilmForensics/FilmForensics.entitlements;
				CODE_SIGN_STYLE = Automatic;
				CURRENT_PROJECT_VERSION = 1;
				DEVELOPMENT_ASSET_PATHS = "\"FilmForensics/Preview Content\"";
				DEVELOPMENT_TEAM = 46WUYUUA8V;
				ENABLE_APP_SANDBOX = NO;
				ENABLE_PREVIEWS = YES;
				GENERATE_INFOPLIST_FILE = YES;
				INFOPLIST_KEY_NSPhotoLibraryUsageDescription = "access to your photo library to select videos.";
				INFOPLIST_KEY_UIApplicationSceneManifest_Generation = YES;
				INFOPLIST_KEY_UIApplicationSupportsIndirectInputEvents = YES;
				INFOPLIST_KEY_UILaunchScreen_Generation = YES;
				INFOPLIST_KEY_UISupportedInterfaceOrientations_iPad = "UIInterfaceOrientationPortrait UIInterfaceOrientationPortraitUpsideDown UIInterfaceOrientationLandscapeLeft UIInterfaceOrientationLandscapeRight";
				INFOPLIST_KEY_UISupportedInterfaceOrientations_iPhone = "UIInterfaceOrientationPortrait UIInterfaceOrientationLandscapeLeft UIInterfaceOrientationLandscapeRight";
				LD_RUNPATH_SEARCH_PATHS = (
					"$(inherited)",
					"@executable_path/Frameworks",
				);
				MARKETING_VERSION = 1.0;
				PRODUCT_BUNDLE_IDENTIFIER = com.oil3.FilmForensics;
				PRODUCT_NAME = "$(TARGET_NAME)";
				SUPPORTED_PLATFORMS = "iphoneos iphonesimulator macosx";
				SUPPORTS_MACCATALYST = YES;
				SUPPORTS_XR_DESIGNED_FOR_IPHONE_IPAD = NO;
				SWIFT_EMIT_LOC_STRINGS = YES;
				SWIFT_VERSION = 5.0;
				TARGETED_DEVICE_FAMILY = "1,2,6";
			};
			name = Debug;
		};
		34A99DC22BFC2A89004685AC /* Release */ = {
			isa = XCBuildConfiguration;
			buildSettings = {
				ASSETCATALOG_COMPILER_APPICON_NAME = AppIcon;
				ASSETCATALOG_COMPILER_GLOBAL_ACCENT_COLOR_NAME = AccentColor;
				CODE_SIGN_ENTITLEMENTS = FilmForensics/FilmForensics.entitlements;
				CODE_SIGN_STYLE = Automatic;
				CURRENT_PROJECT_VERSION = 1;
				DEVELOPMENT_ASSET_PATHS = "\"FilmForensics/Preview Content\"";
				DEVELOPMENT_TEAM = 46WUYUUA8V;
				ENABLE_APP_SANDBOX = NO;
				ENABLE_PREVIEWS = YES;
				GENERATE_INFOPLIST_FILE = YES;
				INFOPLIST_KEY_NSPhotoLibraryUsageDescription = "access to your photo library to select videos.";
				INFOPLIST_KEY_UIApplicationSceneManifest_Generation = YES;
				INFOPLIST_KEY_UIApplicationSupportsIndirectInputEvents = YES;
				INFOPLIST_KEY_UILaunchScreen_Generation = YES;
				INFOPLIST_KEY_UISupportedInterfaceOrientations_iPad = "UIInterfaceOrientationPortrait UIInterfaceOrientationPortraitUpsideDown UIInterfaceOrientationLandscapeLeft UIInterfaceOrientationLandscapeRight";
				INFOPLIST_KEY_UISupportedInterfaceOrientations_iPhone = "UIInterfaceOrientationPortrait UIInterfaceOrientationLandscapeLeft UIInterfaceOrientationLandscapeRight";
				LD_RUNPATH_SEARCH_PATHS = (
					"$(inherited)",
					"@executable_path/Frameworks",
				);
				MARKETING_VERSION = 1.0;
				PRODUCT_BUNDLE_IDENTIFIER = com.oil3.FilmForensics;
				PRODUCT_NAME = "$(TARGET_NAME)";
				SUPPORTED_PLATFORMS = "iphoneos iphonesimulator macosx";
				SUPPORTS_MACCATALYST = YES;
				SUPPORTS_XR_DESIGNED_FOR_IPHONE_IPAD = NO;
				SWIFT_EMIT_LOC_STRINGS = YES;
				SWIFT_VERSION = 5.0;
				TARGETED_DEVICE_FAMILY = "1,2,6";
			};
			name = Release;
		};
		34E11DDD2C0CA68200A7B857 /* Debug */ = {
			isa = XCBuildConfiguration;
			buildSettings = {
				ASSETCATALOG_COMPILER_APPICON_NAME = AppIcon;
				ASSETCATALOG_COMPILER_GLOBAL_ACCENT_COLOR_NAME = AccentColor;
				CODE_SIGN_ENTITLEMENTS = MachineSystemSecurity/MachineSystemSecurity.entitlements;
				CODE_SIGN_STYLE = Automatic;
				CURRENT_PROJECT_VERSION = 1;
				DEVELOPMENT_TEAM = 46WUYUUA8V;
				ENABLE_APP_SANDBOX = NO;
				ENABLE_HARDENED_RUNTIME = YES;
				ENABLE_PREVIEWS = YES;
				ENABLE_USER_SELECTED_FILES = readwrite;
				GENERATE_INFOPLIST_FILE = YES;
				INFOPLIST_KEY_NSCameraUsageDescription = "We need the camera when performing real-time monitoring.";
				"INFOPLIST_KEY_UIApplicationSceneManifest_Generation[sdk=iphoneos*]" = YES;
				"INFOPLIST_KEY_UIApplicationSceneManifest_Generation[sdk=iphonesimulator*]" = YES;
				"INFOPLIST_KEY_UIApplicationSupportsIndirectInputEvents[sdk=iphoneos*]" = YES;
				"INFOPLIST_KEY_UIApplicationSupportsIndirectInputEvents[sdk=iphonesimulator*]" = YES;
				"INFOPLIST_KEY_UILaunchScreen_Generation[sdk=iphoneos*]" = YES;
				"INFOPLIST_KEY_UILaunchScreen_Generation[sdk=iphonesimulator*]" = YES;
				"INFOPLIST_KEY_UIStatusBarStyle[sdk=iphoneos*]" = UIStatusBarStyleDefault;
				"INFOPLIST_KEY_UIStatusBarStyle[sdk=iphonesimulator*]" = UIStatusBarStyleDefault;
				INFOPLIST_KEY_UISupportedInterfaceOrientations_iPad = "UIInterfaceOrientationPortrait UIInterfaceOrientationPortraitUpsideDown UIInterfaceOrientationLandscapeLeft UIInterfaceOrientationLandscapeRight";
				INFOPLIST_KEY_UISupportedInterfaceOrientations_iPhone = "UIInterfaceOrientationPortrait UIInterfaceOrientationLandscapeLeft UIInterfaceOrientationLandscapeRight";
				IPHONEOS_DEPLOYMENT_TARGET = 17.4;
				LD_RUNPATH_SEARCH_PATHS = "@executable_path/Frameworks";
				"LD_RUNPATH_SEARCH_PATHS[sdk=macosx*]" = "@executable_path/../Frameworks";
				MACOSX_DEPLOYMENT_TARGET = 14.4;
				MARKETING_VERSION = 1.0;
				PRODUCT_BUNDLE_IDENTIFIER = com.oil3.MachineSystemSecurity;
				PRODUCT_NAME = "$(TARGET_NAME)";
				SDKROOT = auto;
				SUPPORTED_PLATFORMS = "iphoneos iphonesimulator";
				SUPPORTS_MACCATALYST = YES;
				SWIFT_EMIT_LOC_STRINGS = YES;
				SWIFT_VERSION = 5.0;
				TARGETED_DEVICE_FAMILY = "1,2,6";
			};
			name = Debug;
		};
		34E11DDE2C0CA68200A7B857 /* Release */ = {
			isa = XCBuildConfiguration;
			buildSettings = {
				ASSETCATALOG_COMPILER_APPICON_NAME = AppIcon;
				ASSETCATALOG_COMPILER_GLOBAL_ACCENT_COLOR_NAME = AccentColor;
				CODE_SIGN_ENTITLEMENTS = MachineSystemSecurity/MachineSystemSecurity.entitlements;
				CODE_SIGN_STYLE = Automatic;
				CURRENT_PROJECT_VERSION = 1;
				DEVELOPMENT_TEAM = 46WUYUUA8V;
				ENABLE_APP_SANDBOX = NO;
				ENABLE_HARDENED_RUNTIME = YES;
				ENABLE_PREVIEWS = YES;
				ENABLE_USER_SELECTED_FILES = readwrite;
				GENERATE_INFOPLIST_FILE = YES;
				INFOPLIST_KEY_NSCameraUsageDescription = "We need the camera when performing real-time monitoring.";
				"INFOPLIST_KEY_UIApplicationSceneManifest_Generation[sdk=iphoneos*]" = YES;
				"INFOPLIST_KEY_UIApplicationSceneManifest_Generation[sdk=iphonesimulator*]" = YES;
				"INFOPLIST_KEY_UIApplicationSupportsIndirectInputEvents[sdk=iphoneos*]" = YES;
				"INFOPLIST_KEY_UIApplicationSupportsIndirectInputEvents[sdk=iphonesimulator*]" = YES;
				"INFOPLIST_KEY_UILaunchScreen_Generation[sdk=iphoneos*]" = YES;
				"INFOPLIST_KEY_UILaunchScreen_Generation[sdk=iphonesimulator*]" = YES;
				"INFOPLIST_KEY_UIStatusBarStyle[sdk=iphoneos*]" = UIStatusBarStyleDefault;
				"INFOPLIST_KEY_UIStatusBarStyle[sdk=iphonesimulator*]" = UIStatusBarStyleDefault;
				INFOPLIST_KEY_UISupportedInterfaceOrientations_iPad = "UIInterfaceOrientationPortrait UIInterfaceOrientationPortraitUpsideDown UIInterfaceOrientationLandscapeLeft UIInterfaceOrientationLandscapeRight";
				INFOPLIST_KEY_UISupportedInterfaceOrientations_iPhone = "UIInterfaceOrientationPortrait UIInterfaceOrientationLandscapeLeft UIInterfaceOrientationLandscapeRight";
				IPHONEOS_DEPLOYMENT_TARGET = 17.4;
				LD_RUNPATH_SEARCH_PATHS = "@executable_path/Frameworks";
				"LD_RUNPATH_SEARCH_PATHS[sdk=macosx*]" = "@executable_path/../Frameworks";
				MACOSX_DEPLOYMENT_TARGET = 14.4;
				MARKETING_VERSION = 1.0;
				PRODUCT_BUNDLE_IDENTIFIER = com.oil3.MachineSystemSecurity;
				PRODUCT_NAME = "$(TARGET_NAME)";
				SDKROOT = auto;
				SUPPORTED_PLATFORMS = "iphoneos iphonesimulator";
				SUPPORTS_MACCATALYST = YES;
				SWIFT_EMIT_LOC_STRINGS = YES;
				SWIFT_VERSION = 5.0;
				TARGETED_DEVICE_FAMILY = "1,2,6";
			};
			name = Release;
		};
/* End XCBuildConfiguration section */

/* Begin XCConfigurationList section */
		342D0D092C1D52D600ECDA36 /* Build configuration list for PBXNativeTarget "ToolML" */ = {
			isa = XCConfigurationList;
			buildConfigurations = (
				342D0D0A2C1D52D600ECDA36 /* Debug */,
				342D0D0B2C1D52D600ECDA36 /* Release */,
			);
			defaultConfigurationIsVisible = 0;
			defaultConfigurationName = Release;
		};
		344D22ED2C0EF86200C6966E /* Build configuration list for PBXNativeTarget "V" */ = {
			isa = XCConfigurationList;
			buildConfigurations = (
				344D22EB2C0EF86200C6966E /* Debug */,
				344D22EC2C0EF86200C6966E /* Release */,
			);
			defaultConfigurationIsVisible = 0;
			defaultConfigurationName = Release;
		};
		34A99DAD2BFC2A88004685AC /* Build configuration list for PBXProject "FilmForensics" */ = {
			isa = XCConfigurationList;
			buildConfigurations = (
				34A99DBE2BFC2A89004685AC /* Debug */,
				34A99DBF2BFC2A89004685AC /* Release */,
			);
			defaultConfigurationIsVisible = 0;
			defaultConfigurationName = Release;
		};
		34A99DC02BFC2A89004685AC /* Build configuration list for PBXNativeTarget "FilmForensics" */ = {
			isa = XCConfigurationList;
			buildConfigurations = (
				34A99DC12BFC2A89004685AC /* Debug */,
				34A99DC22BFC2A89004685AC /* Release */,
			);
			defaultConfigurationIsVisible = 0;
			defaultConfigurationName = Release;
		};
		34E11DDC2C0CA68200A7B857 /* Build configuration list for PBXNativeTarget "MachineSystemSecurity" */ = {
			isa = XCConfigurationList;
			buildConfigurations = (
				34E11DDD2C0CA68200A7B857 /* Debug */,
				34E11DDE2C0CA68200A7B857 /* Release */,
			);
			defaultConfigurationIsVisible = 0;
			defaultConfigurationName = Release;
		};
/* End XCConfigurationList section */
	};
	rootObject = 34A99DAA2BFC2A88004685AC /* Project object */;
}
